<?xml version="1.0" encoding="UTF-8"?>
<Project ToolsVersion="14.0" xmlns="http://schemas.microsoft.com/developer/msbuild/2003">
  <ItemGroup>
    <ClCompile Include="C:\GPC\OGLPG-9th-Edition\src\01-keypress\01-keypress.cpp">
      <Filter>Source Files</Filter>
    </ClCompile>
  </ItemGroup>
  <ItemGroup>
    <ClInclude Include="C:\GPC\OGLPG-9th-Edition\include\vgl.h">
      <Filter>Header Files</Filter>
    </ClInclude>
    <ClInclude Include="C:\GPC\OGLPG-9th-Edition\include\vapp.h">
      <Filter>Header Files</Filter>
    </ClInclude>
  </ItemGroup>
  <ItemGroup>
    <CustomBuild Include="C:\GPC\OGLPG-9th-Edition\CMakeLists.txt" />
  </ItemGroup>
  <ItemGroup>
    <Filter Include="Source Files">
      <UniqueIdentifier>{F3B7300D-1C70-3896-90B0-C40897A7A936}</UniqueIdentifier>
    </Filter>
    <Filter Include="Header Files">
      <UniqueIdentifier>{CCCA2E7A-9C1C-3700-B11A-0A291F0116CB}</UniqueIdentifier>
    </Filter>
  </ItemGroup>
</Project>
