Microsoft Visual Studio Solution File, Format Version 12.00
# Visual Studio 14
Project("{2150E333-8FDC-42A3-9474-1A3956D46DE8}") = "CMakePredefinedTargets", "CMakePredefinedTargets", "{B6A2FDCD-D82B-3D93-B8FF-D605BB2355AB}"
EndProject
Project("{2150E333-8FDC-42A3-9474-1A3956D46DE8}") = "GLFW3", "GLFW3", "{D9EE03A3-6067-3E1C-A5D3-BB45614E178C}"
EndProject
Project("{2150E333-8FDC-42A3-9474-1A3956D46DE8}") = "Examples", "GLFW3\Examples", "{86A32427-52EE-3DAB-930B-0A7DA8ADEE3E}"
EndProject
Project("{2150E333-8FDC-42A3-9474-1A3956D46DE8}") = "Tests", "GLFW3\Tests", "{B5B7B1C4-B0CB-328A-A366-6608995CF290}"
EndProject
Project("{8BC9CEB8-8B4A-11D0-8D11-00A0C91BC942}") = "ALL_BUILD", "ALL_BUILD.vcxproj", "{8A1493E8-F583-3D9E-B52E-306A52C896B9}"
	ProjectSection(ProjectDependencies) = postProject
		{2ED5D00A-1C4F-34A2-9319-D393CEC4B581} = {2ED5D00A-1C4F-34A2-9319-D393CEC4B581}
		{6EAAFA70-9B56-345F-920A-E4E541D6065B} = {6EAAFA70-9B56-345F-920A-E4E541D6065B}
		{F312981F-A729-3D74-A753-A3CD72E3B93C} = {F312981F-A729-3D74-A753-A3CD72E3B93C}
		{CE0CD885-C0ED-33DD-B1C2-4189F8AE4414} = {CE0CD885-C0ED-33DD-B1C2-4189F8AE4414}
		{CE65273A-2A67-3A0C-A3FC-DAC6554FE392} = {CE65273A-2A67-3A0C-A3FC-DAC6554FE392}
		{DEB40525-482F-349A-895D-1D2FFE227516} = {DEB40525-482F-349A-895D-1D2FFE227516}
		{14ADED6D-ADCE-36EA-A542-BCD3B7BE455C} = {14ADED6D-ADCE-36EA-A542-BCD3B7BE455C}
		{2072EF49-8547-396E-A821-F66199896F23} = {2072EF49-8547-396E-A821-F66199896F23}
		{61A118E0-40D9-3DA4-8DA6-BF7CDB177F59} = {61A118E0-40D9-3DA4-8DA6-BF7CDB177F59}
		{770D9C22-8C61-3CA5-8502-A017B7398B05} = {770D9C22-8C61-3CA5-8502-A017B7398B05}
		{4F7C92CC-3080-363A-BD4B-62C181BF345E} = {4F7C92CC-3080-363A-BD4B-62C181BF345E}
		{A812856C-594C-366F-A7C6-5E751DC98F4F} = {A812856C-594C-366F-A7C6-5E751DC98F4F}
		{21D0F28C-88FD-352B-B8D3-2300D1B43056} = {21D0F28C-88FD-352B-B8D3-2300D1B43056}
		{4903E85A-DD05-37E1-8833-0AB36BC0DAA1} = {4903E85A-DD05-37E1-8833-0AB36BC0DAA1}
		{B7B05153-D794-34F2-87DA-08C1A1B0F26E} = {B7B05153-D794-34F2-87DA-08C1A1B0F26E}
		{391E4ED7-716A-3F66-BE0B-B3C6226E5AE6} = {391E4ED7-716A-3F66-BE0B-B3C6226E5AE6}
		{B272A6D8-97D9-3C42-9E6D-6EBBD85E2004} = {B272A6D8-97D9-3C42-9E6D-6EBBD85E2004}
		{224385AF-DBE3-3013-9616-0A2E87806AE1} = {224385AF-DBE3-3013-9616-0A2E87806AE1}
		{9AD3D280-DEDB-3CCC-8CDB-E7093BB35EDC} = {9AD3D280-DEDB-3CCC-8CDB-E7093BB35EDC}
		{E9218E85-3D67-3041-9501-01C477FE98D9} = {E9218E85-3D67-3041-9501-01C477FE98D9}
		{D6E7CD4E-07C8-31D1-B72A-80F4CEF49B82} = {D6E7CD4E-07C8-31D1-B72A-80F4CEF49B82}
		{7889EFA4-CC23-32FF-BF00-3003AFED4681} = {7889EFA4-CC23-32FF-BF00-3003AFED4681}
		{8403E058-EC85-3940-8743-46B32F3131B5} = {8403E058-EC85-3940-8743-46B32F3131B5}
		{8482B7BE-227A-3443-80C6-ADC71EEF4FFE} = {8482B7BE-227A-3443-80C6-ADC71EEF4FFE}
		{52DE455C-D811-374D-8F57-FCCFEF135CE3} = {52DE455C-D811-374D-8F57-FCCFEF135CE3}
		{3FEF4FD3-821B-3F8A-A9B2-31195E1B4EDA} = {3FEF4FD3-821B-3F8A-A9B2-31195E1B4EDA}
		{F5195DBD-911F-3257-A24B-557D935ED968} = {F5195DBD-911F-3257-A24B-557D935ED968}
		{3700558D-2839-39AA-BAAA-EB06A8A9AAD8} = {3700558D-2839-39AA-BAAA-EB06A8A9AAD8}
		{DCD98CB2-D822-307B-8EF3-6FA43F02D50B} = {DCD98CB2-D822-307B-8EF3-6FA43F02D50B}
		{BAAED69F-E5D2-3CEF-811A-22764801B9AA} = {BAAED69F-E5D2-3CEF-811A-22764801B9AA}
		{731C9186-0415-301E-A1A6-76E168B47D00} = {731C9186-0415-301E-A1A6-76E168B47D00}
		{CEE789C6-715E-30CF-89C5-973EB4F497FC} = {CEE789C6-715E-30CF-89C5-973EB4F497FC}
		{CF0E034F-AE06-3774-B89B-350841E64400} = {CF0E034F-AE06-3774-B89B-350841E64400}
		{94C08410-CD58-398E-9E69-A10EEDC6D271} = {94C08410-CD58-398E-9E69-A10EEDC6D271}
		{AAC9C4FD-06D3-3465-BD1F-AE10DCC64BB5} = {AAC9C4FD-06D3-3465-BD1F-AE10DCC64BB5}
		{35474F26-F4CD-3700-A91D-253293B85237} = {35474F26-F4CD-3700-A91D-253293B85237}
		{C6AACBBA-865C-373F-A07F-A6091819DF44} = {C6AACBBA-865C-373F-A07F-A6091819DF44}
		{413C78B0-877C-3C6B-9A94-4EF788ED6812} = {413C78B0-877C-3C6B-9A94-4EF788ED6812}
		{DDAFF17E-707A-3B2A-A861-EE8AB009B667} = {DDAFF17E-707A-3B2A-A861-EE8AB009B667}
		{8DE5E9F8-7004-3CBE-B2DD-BA614DEAC6AC} = {8DE5E9F8-7004-3CBE-B2DD-BA614DEAC6AC}
		{3B4B1367-D176-331A-849B-BB7742A7D194} = {3B4B1367-D176-331A-849B-BB7742A7D194}
		{0A47A4E3-5BDB-391C-A2D8-B09DE698E6FB} = {0A47A4E3-5BDB-391C-A2D8-B09DE698E6FB}
		{E8793015-6FF3-3085-B263-65B804D0DEFB} = {E8793015-6FF3-3085-B263-65B804D0DEFB}
		{A08F045D-9D1F-3E6A-8670-63ABC64B7764} = {A08F045D-9D1F-3E6A-8670-63ABC64B7764}
		{09D7EB5B-CD51-3D4F-B7D4-ED033CC9297D} = {09D7EB5B-CD51-3D4F-B7D4-ED033CC9297D}
		{2A981DC5-9B75-3127-A696-D87F872F460E} = {2A981DC5-9B75-3127-A696-D87F872F460E}
		{11591A7B-93CB-37B7-AB84-D84CACA06C95} = {11591A7B-93CB-37B7-AB84-D84CACA06C95}
		{B6B0BAF0-D558-3E9A-8951-1D90DCDE8BA5} = {B6B0BAF0-D558-3E9A-8951-1D90DCDE8BA5}
		{E7862609-2E65-30DE-9F04-97AC93062923} = {E7862609-2E65-30DE-9F04-97AC93062923}
		{44341286-25F0-3D78-8C9F-15396C7B4975} = {44341286-25F0-3D78-8C9F-15396C7B4975}
		{A8F38039-2A39-3993-B322-02574E23519F} = {A8F38039-2A39-3993-B322-02574E23519F}
		{5FEEFF96-0CC8-3C2D-B534-3AF1A9398440} = {5FEEFF96-0CC8-3C2D-B534-3AF1A9398440}
		{294A1A5B-0840-3F76-8354-125D6383D433} = {294A1A5B-0840-3F76-8354-125D6383D433}
		{36462F3E-D95D-3B9B-88D7-4D42A63EF3E8} = {36462F3E-D95D-3B9B-88D7-4D42A63EF3E8}
		{4A5A6868-72C6-3307-A70B-B35E2255B192} = {4A5A6868-72C6-3307-A70B-B35E2255B192}
		{1EB1D34F-4797-3A6F-9895-EE68FA59720D} = {1EB1D34F-4797-3A6F-9895-EE68FA59720D}
		{FFC49297-BD51-37C4-A5A1-371111585A9B} = {FFC49297-BD51-37C4-A5A1-371111585A9B}
		{809170E8-BA55-3571-AD1C-F97DADC6B1B1} = {809170E8-BA55-3571-AD1C-F97DADC6B1B1}
	EndProjectSection
EndProject
Project("{8BC9CEB8-8B4A-11D0-8D11-00A0C91BC942}") = "01-keypress", "01-keypress.vcxproj", "{2ED5D00A-1C4F-34A2-9319-D393CEC4B581}"
	ProjectSection(ProjectDependencies) = postProject
		{CF0E034F-AE06-3774-B89B-350841E64400} = {CF0E034F-AE06-3774-B89B-350841E64400}
		{1EB1D34F-4797-3A6F-9895-EE68FA59720D} = {1EB1D34F-4797-3A6F-9895-EE68FA59720D}
	EndProjectSection
EndProject
Project("{8BC9CEB8-8B4A-11D0-8D11-00A0C91BC942}") = "01-triangles", "01-triangles.vcxproj", "{6EAAFA70-9B56-345F-920A-E4E541D6065B}"
	ProjectSection(ProjectDependencies) = postProject
		{CF0E034F-AE06-3774-B89B-350841E64400} = {CF0E034F-AE06-3774-B89B-350841E64400}
		{1EB1D34F-4797-3A6F-9895-EE68FA59720D} = {1EB1D34F-4797-3A6F-9895-EE68FA59720D}
	EndProjectSection
EndProject
Project("{8BC9CEB8-8B4A-11D0-8D11-00A0C91BC942}") = "03-drawcommands", "03-drawcommands.vcxproj", "{F312981F-A729-3D74-A753-A3CD72E3B93C}"
	ProjectSection(ProjectDependencies) = postProject
		{CF0E034F-AE06-3774-B89B-350841E64400} = {CF0E034F-AE06-3774-B89B-350841E64400}
		{1EB1D34F-4797-3A6F-9895-EE68FA59720D} = {1EB1D34F-4797-3A6F-9895-EE68FA59720D}
	EndProjectSection
EndProject
Project("{8BC9CEB8-8B4A-11D0-8D11-00A0C91BC942}") = "03-instancing", "03-instancing.vcxproj", "{CE0CD885-C0ED-33DD-B1C2-4189F8AE4414}"
	ProjectSection(ProjectDependencies) = postProject
		{CF0E034F-AE06-3774-B89B-350841E64400} = {CF0E034F-AE06-3774-B89B-350841E64400}
		{1EB1D34F-4797-3A6F-9895-EE68FA59720D} = {1EB1D34F-4797-3A6F-9895-EE68FA59720D}
	EndProjectSection
EndProject
Project("{8BC9CEB8-8B4A-11D0-8D11-00A0C91BC942}") = "03-instancing2", "03-instancing2.vcxproj", "{CE65273A-2A67-3A0C-A3FC-DAC6554FE392}"
	ProjectSection(ProjectDependencies) = postProject
		{CF0E034F-AE06-3774-B89B-350841E64400} = {CF0E034F-AE06-3774-B89B-350841E64400}
		{1EB1D34F-4797-3A6F-9895-EE68FA59720D} = {1EB1D34F-4797-3A6F-9895-EE68FA59720D}
	EndProjectSection
EndProject
Project("{8BC9CEB8-8B4A-11D0-8D11-00A0C91BC942}") = "03-instancing3", "03-instancing3.vcxproj", "{DEB40525-482F-349A-895D-1D2FFE227516}"
	ProjectSection(ProjectDependencies) = postProject
		{CF0E034F-AE06-3774-B89B-350841E64400} = {CF0E034F-AE06-3774-B89B-350841E64400}
		{1EB1D34F-4797-3A6F-9895-EE68FA59720D} = {1EB1D34F-4797-3A6F-9895-EE68FA59720D}
	EndProjectSection
EndProject
Project("{8BC9CEB8-8B4A-11D0-8D11-00A0C91BC942}") = "03-pointsprites", "03-pointsprites.vcxproj", "{14ADED6D-ADCE-36EA-A542-BCD3B7BE455C}"
	ProjectSection(ProjectDependencies) = postProject
		{CF0E034F-AE06-3774-B89B-350841E64400} = {CF0E034F-AE06-3774-B89B-350841E64400}
		{1EB1D34F-4797-3A6F-9895-EE68FA59720D} = {1EB1D34F-4797-3A6F-9895-EE68FA59720D}
	EndProjectSection
EndProject
Project("{8BC9CEB8-8B4A-11D0-8D11-00A0C91BC942}") = "03-primitiverestart", "03-primitiverestart.vcxproj", "{2072EF49-8547-396E-A821-F66199896F23}"
	ProjectSection(ProjectDependencies) = postProject
		{CF0E034F-AE06-3774-B89B-350841E64400} = {CF0E034F-AE06-3774-B89B-350841E64400}
		{1EB1D34F-4797-3A6F-9895-EE68FA59720D} = {1EB1D34F-4797-3A6F-9895-EE68FA59720D}
	EndProjectSection
EndProject
Project("{8BC9CEB8-8B4A-11D0-8D11-00A0C91BC942}") = "03-xfb", "03-xfb.vcxproj", "{61A118E0-40D9-3DA4-8DA6-BF7CDB177F59}"
	ProjectSection(ProjectDependencies) = postProject
		{CF0E034F-AE06-3774-B89B-350841E64400} = {CF0E034F-AE06-3774-B89B-350841E64400}
		{1EB1D34F-4797-3A6F-9895-EE68FA59720D} = {1EB1D34F-4797-3A6F-9895-EE68FA59720D}
	EndProjectSection
EndProject
Project("{8BC9CEB8-8B4A-11D0-8D11-00A0C91BC942}") = "04-gouraud", "04-gouraud.vcxproj", "{770D9C22-8C61-3CA5-8502-A017B7398B05}"
	ProjectSection(ProjectDependencies) = postProject
		{CF0E034F-AE06-3774-B89B-350841E64400} = {CF0E034F-AE06-3774-B89B-350841E64400}
		{1EB1D34F-4797-3A6F-9895-EE68FA59720D} = {1EB1D34F-4797-3A6F-9895-EE68FA59720D}
	EndProjectSection
EndProject
Project("{8BC9CEB8-8B4A-11D0-8D11-00A0C91BC942}") = "04-gouraud-float", "04-gouraud-float.vcxproj", "{4F7C92CC-3080-363A-BD4B-62C181BF345E}"
	ProjectSection(ProjectDependencies) = postProject
		{CF0E034F-AE06-3774-B89B-350841E64400} = {CF0E034F-AE06-3774-B89B-350841E64400}
		{1EB1D34F-4797-3A6F-9895-EE68FA59720D} = {1EB1D34F-4797-3A6F-9895-EE68FA59720D}
	EndProjectSection
EndProject
Project("{8BC9CEB8-8B4A-11D0-8D11-00A0C91BC942}") = "04-shadowmap", "04-shadowmap.vcxproj", "{A812856C-594C-366F-A7C6-5E751DC98F4F}"
	ProjectSection(ProjectDependencies) = postProject
		{CF0E034F-AE06-3774-B89B-350841E64400} = {CF0E034F-AE06-3774-B89B-350841E64400}
		{1EB1D34F-4797-3A6F-9895-EE68FA59720D} = {1EB1D34F-4797-3A6F-9895-EE68FA59720D}
	EndProjectSection
EndProject
Project("{8BC9CEB8-8B4A-11D0-8D11-00A0C91BC942}") = "06-cubemap", "06-cubemap.vcxproj", "{21D0F28C-88FD-352B-B8D3-2300D1B43056}"
	ProjectSection(ProjectDependencies) = postProject
		{CF0E034F-AE06-3774-B89B-350841E64400} = {CF0E034F-AE06-3774-B89B-350841E64400}
		{1EB1D34F-4797-3A6F-9895-EE68FA59720D} = {1EB1D34F-4797-3A6F-9895-EE68FA59720D}
	EndProjectSection
EndProject
Project("{8BC9CEB8-8B4A-11D0-8D11-00A0C91BC942}") = "06-load-texture", "06-load-texture.vcxproj", "{4903E85A-DD05-37E1-8833-0AB36BC0DAA1}"
	ProjectSection(ProjectDependencies) = postProject
		{CF0E034F-AE06-3774-B89B-350841E64400} = {CF0E034F-AE06-3774-B89B-350841E64400}
		{1EB1D34F-4797-3A6F-9895-EE68FA59720D} = {1EB1D34F-4797-3A6F-9895-EE68FA59720D}
	EndProjectSection
EndProject
Project("{8BC9CEB8-8B4A-11D0-8D11-00A0C91BC942}") = "06-mipfilters", "06-mipfilters.vcxproj", "{B7B05153-D794-34F2-87DA-08C1A1B0F26E}"
	ProjectSection(ProjectDependencies) = postProject
		{CF0E034F-AE06-3774-B89B-350841E64400} = {CF0E034F-AE06-3774-B89B-350841E64400}
		{1EB1D34F-4797-3A6F-9895-EE68FA59720D} = {1EB1D34F-4797-3A6F-9895-EE68FA59720D}
	EndProjectSection
EndProject
Project("{8BC9CEB8-8B4A-11D0-8D11-00A0C91BC942}") = "06-multitexture", "06-multitexture.vcxproj", "{391E4ED7-716A-3F66-BE0B-B3C6226E5AE6}"
	ProjectSection(ProjectDependencies) = postProject
		{CF0E034F-AE06-3774-B89B-350841E64400} = {CF0E034F-AE06-3774-B89B-350841E64400}
		{1EB1D34F-4797-3A6F-9895-EE68FA59720D} = {1EB1D34F-4797-3A6F-9895-EE68FA59720D}
	EndProjectSection
EndProject
Project("{8BC9CEB8-8B4A-11D0-8D11-00A0C91BC942}") = "06-statictexture", "06-statictexture.vcxproj", "{B272A6D8-97D9-3C42-9E6D-6EBBD85E2004}"
	ProjectSection(ProjectDependencies) = postProject
		{CF0E034F-AE06-3774-B89B-350841E64400} = {CF0E034F-AE06-3774-B89B-350841E64400}
		{1EB1D34F-4797-3A6F-9895-EE68FA59720D} = {1EB1D34F-4797-3A6F-9895-EE68FA59720D}
	EndProjectSection
EndProject
Project("{8BC9CEB8-8B4A-11D0-8D11-00A0C91BC942}") = "06-texturewrapping", "06-texturewrapping.vcxproj", "{224385AF-DBE3-3013-9616-0A2E87806AE1}"
	ProjectSection(ProjectDependencies) = postProject
		{CF0E034F-AE06-3774-B89B-350841E64400} = {CF0E034F-AE06-3774-B89B-350841E64400}
		{1EB1D34F-4797-3A6F-9895-EE68FA59720D} = {1EB1D34F-4797-3A6F-9895-EE68FA59720D}
	EndProjectSection
EndProject
Project("{8BC9CEB8-8B4A-11D0-8D11-00A0C91BC942}") = "06-volumetexturing", "06-volumetexturing.vcxproj", "{9AD3D280-DEDB-3CCC-8CDB-E7093BB35EDC}"
	ProjectSection(ProjectDependencies) = postProject
		{CF0E034F-AE06-3774-B89B-350841E64400} = {CF0E034F-AE06-3774-B89B-350841E64400}
		{1EB1D34F-4797-3A6F-9895-EE68FA59720D} = {1EB1D34F-4797-3A6F-9895-EE68FA59720D}
	EndProjectSection
EndProject
Project("{8BC9CEB8-8B4A-11D0-8D11-00A0C91BC942}") = "08-lightmodels", "08-lightmodels.vcxproj", "{E9218E85-3D67-3041-9501-01C477FE98D9}"
	ProjectSection(ProjectDependencies) = postProject
		{CF0E034F-AE06-3774-B89B-350841E64400} = {CF0E034F-AE06-3774-B89B-350841E64400}
		{1EB1D34F-4797-3A6F-9895-EE68FA59720D} = {1EB1D34F-4797-3A6F-9895-EE68FA59720D}
	EndProjectSection
EndProject
Project("{8BC9CEB8-8B4A-11D0-8D11-00A0C91BC942}") = "09-simpletess", "09-simpletess.vcxproj", "{D6E7CD4E-07C8-31D1-B72A-80F4CEF49B82}"
	ProjectSection(ProjectDependencies) = postProject
		{CF0E034F-AE06-3774-B89B-350841E64400} = {CF0E034F-AE06-3774-B89B-350841E64400}
		{1EB1D34F-4797-3A6F-9895-EE68FA59720D} = {1EB1D34F-4797-3A6F-9895-EE68FA59720D}
	EndProjectSection
EndProject
Project("{8BC9CEB8-8B4A-11D0-8D11-00A0C91BC942}") = "09-teapot", "09-teapot.vcxproj", "{7889EFA4-CC23-32FF-BF00-3003AFED4681}"
	ProjectSection(ProjectDependencies) = postProject
		{CF0E034F-AE06-3774-B89B-350841E64400} = {CF0E034F-AE06-3774-B89B-350841E64400}
		{1EB1D34F-4797-3A6F-9895-EE68FA59720D} = {1EB1D34F-4797-3A6F-9895-EE68FA59720D}
	EndProjectSection
EndProject
Project("{8BC9CEB8-8B4A-11D0-8D11-00A0C91BC942}") = "10-draw-xfb", "10-draw-xfb.vcxproj", "{8403E058-EC85-3940-8743-46B32F3131B5}"
	ProjectSection(ProjectDependencies) = postProject
		{CF0E034F-AE06-3774-B89B-350841E64400} = {CF0E034F-AE06-3774-B89B-350841E64400}
		{1EB1D34F-4797-3A6F-9895-EE68FA59720D} = {1EB1D34F-4797-3A6F-9895-EE68FA59720D}
	EndProjectSection
EndProject
Project("{8BC9CEB8-8B4A-11D0-8D11-00A0C91BC942}") = "10-fur", "10-fur.vcxproj", "{8482B7BE-227A-3443-80C6-ADC71EEF4FFE}"
	ProjectSection(ProjectDependencies) = postProject
		{CF0E034F-AE06-3774-B89B-350841E64400} = {CF0E034F-AE06-3774-B89B-350841E64400}
		{1EB1D34F-4797-3A6F-9895-EE68FA59720D} = {1EB1D34F-4797-3A6F-9895-EE68FA59720D}
	EndProjectSection
EndProject
Project("{8BC9CEB8-8B4A-11D0-8D11-00A0C91BC942}") = "10-viewport-array", "10-viewport-array.vcxproj", "{52DE455C-D811-374D-8F57-FCCFEF135CE3}"
	ProjectSection(ProjectDependencies) = postProject
		{CF0E034F-AE06-3774-B89B-350841E64400} = {CF0E034F-AE06-3774-B89B-350841E64400}
		{1EB1D34F-4797-3A6F-9895-EE68FA59720D} = {1EB1D34F-4797-3A6F-9895-EE68FA59720D}
	EndProjectSection
EndProject
Project("{8BC9CEB8-8B4A-11D0-8D11-00A0C91BC942}") = "11-doublewrite", "11-doublewrite.vcxproj", "{3FEF4FD3-821B-3F8A-A9B2-31195E1B4EDA}"
	ProjectSection(ProjectDependencies) = postProject
		{CF0E034F-AE06-3774-B89B-350841E64400} = {CF0E034F-AE06-3774-B89B-350841E64400}
		{1EB1D34F-4797-3A6F-9895-EE68FA59720D} = {1EB1D34F-4797-3A6F-9895-EE68FA59720D}
	EndProjectSection
EndProject
Project("{8BC9CEB8-8B4A-11D0-8D11-00A0C91BC942}") = "11-oit", "11-oit.vcxproj", "{F5195DBD-911F-3257-A24B-557D935ED968}"
	ProjectSection(ProjectDependencies) = postProject
		{CF0E034F-AE06-3774-B89B-350841E64400} = {CF0E034F-AE06-3774-B89B-350841E64400}
		{1EB1D34F-4797-3A6F-9895-EE68FA59720D} = {1EB1D34F-4797-3A6F-9895-EE68FA59720D}
	EndProjectSection
EndProject
Project("{8BC9CEB8-8B4A-11D0-8D11-00A0C91BC942}") = "11-overdrawcount", "11-overdrawcount.vcxproj", "{3700558D-2839-39AA-BAAA-EB06A8A9AAD8}"
	ProjectSection(ProjectDependencies) = postProject
		{CF0E034F-AE06-3774-B89B-350841E64400} = {CF0E034F-AE06-3774-B89B-350841E64400}
		{1EB1D34F-4797-3A6F-9895-EE68FA59720D} = {1EB1D34F-4797-3A6F-9895-EE68FA59720D}
	EndProjectSection
EndProject
Project("{8BC9CEB8-8B4A-11D0-8D11-00A0C91BC942}") = "12-imageprocessing", "12-imageprocessing.vcxproj", "{DCD98CB2-D822-307B-8EF3-6FA43F02D50B}"
	ProjectSection(ProjectDependencies) = postProject
		{CF0E034F-AE06-3774-B89B-350841E64400} = {CF0E034F-AE06-3774-B89B-350841E64400}
		{1EB1D34F-4797-3A6F-9895-EE68FA59720D} = {1EB1D34F-4797-3A6F-9895-EE68FA59720D}
	EndProjectSection
EndProject
Project("{8BC9CEB8-8B4A-11D0-8D11-00A0C91BC942}") = "12-particlesimulator", "12-particlesimulator.vcxproj", "{BAAED69F-E5D2-3CEF-811A-22764801B9AA}"
	ProjectSection(ProjectDependencies) = postProject
		{CF0E034F-AE06-3774-B89B-350841E64400} = {CF0E034F-AE06-3774-B89B-350841E64400}
		{1EB1D34F-4797-3A6F-9895-EE68FA59720D} = {1EB1D34F-4797-3A6F-9895-EE68FA59720D}
	EndProjectSection
EndProject
Project("{8BC9CEB8-8B4A-11D0-8D11-00A0C91BC942}") = "12-raytracer", "12-raytracer.vcxproj", "{731C9186-0415-301E-A1A6-76E168B47D00}"
	ProjectSection(ProjectDependencies) = postProject
		{CF0E034F-AE06-3774-B89B-350841E64400} = {CF0E034F-AE06-3774-B89B-350841E64400}
		{1EB1D34F-4797-3A6F-9895-EE68FA59720D} = {1EB1D34F-4797-3A6F-9895-EE68FA59720D}
	EndProjectSection
EndProject
Project("{8BC9CEB8-8B4A-11D0-8D11-00A0C91BC942}") = "12-simplecompute", "12-simplecompute.vcxproj", "{CEE789C6-715E-30CF-89C5-973EB4F497FC}"
	ProjectSection(ProjectDependencies) = postProject
		{CF0E034F-AE06-3774-B89B-350841E64400} = {CF0E034F-AE06-3774-B89B-350841E64400}
		{1EB1D34F-4797-3A6F-9895-EE68FA59720D} = {1EB1D34F-4797-3A6F-9895-EE68FA59720D}
	EndProjectSection
EndProject
Project("{8BC9CEB8-8B4A-11D0-8D11-00A0C91BC942}") = "INSTALL", "INSTALL.vcxproj", "{60BBA122-C9F3-37B1-9994-D8CF90E90FE6}"
	ProjectSection(ProjectDependencies) = postProject
		{8A1493E8-F583-3D9E-B52E-306A52C896B9} = {8A1493E8-F583-3D9E-B52E-306A52C896B9}
		{CF0E034F-AE06-3774-B89B-350841E64400} = {CF0E034F-AE06-3774-B89B-350841E64400}
	EndProjectSection
EndProject
Project("{8BC9CEB8-8B4A-11D0-8D11-00A0C91BC942}") = "ZERO_CHECK", "ZERO_CHECK.vcxproj", "{CF0E034F-AE06-3774-B89B-350841E64400}"
	ProjectSection(ProjectDependencies) = postProject
	EndProjectSection
EndProject
Project("{8BC9CEB8-8B4A-11D0-8D11-00A0C91BC942}") = "boing", "lib\glfw\examples\boing.vcxproj", "{94C08410-CD58-398E-9E69-A10EEDC6D271}"
	ProjectSection(ProjectDependencies) = postProject
		{CF0E034F-AE06-3774-B89B-350841E64400} = {CF0E034F-AE06-3774-B89B-350841E64400}
		{3B4B1367-D176-331A-849B-BB7742A7D194} = {3B4B1367-D176-331A-849B-BB7742A7D194}
	EndProjectSection
EndProject
Project("{8BC9CEB8-8B4A-11D0-8D11-00A0C91BC942}") = "clipboard", "lib\glfw\tests\clipboard.vcxproj", "{AAC9C4FD-06D3-3465-BD1F-AE10DCC64BB5}"
	ProjectSection(ProjectDependencies) = postProject
		{CF0E034F-AE06-3774-B89B-350841E64400} = {CF0E034F-AE06-3774-B89B-350841E64400}
		{3B4B1367-D176-331A-849B-BB7742A7D194} = {3B4B1367-D176-331A-849B-BB7742A7D194}
	EndProjectSection
EndProject
Project("{8BC9CEB8-8B4A-11D0-8D11-00A0C91BC942}") = "cursor", "lib\glfw\tests\cursor.vcxproj", "{35474F26-F4CD-3700-A91D-253293B85237}"
	ProjectSection(ProjectDependencies) = postProject
		{CF0E034F-AE06-3774-B89B-350841E64400} = {CF0E034F-AE06-3774-B89B-350841E64400}
		{3B4B1367-D176-331A-849B-BB7742A7D194} = {3B4B1367-D176-331A-849B-BB7742A7D194}
	EndProjectSection
EndProject
Project("{8BC9CEB8-8B4A-11D0-8D11-00A0C91BC942}") = "debug", "debug.vcxproj", "{65A002B2-0BDA-3333-A2E7-781A7F975CCD}"
	ProjectSection(ProjectDependencies) = postProject
		{CF0E034F-AE06-3774-B89B-350841E64400} = {CF0E034F-AE06-3774-B89B-350841E64400}
	EndProjectSection
EndProject
Project("{8BC9CEB8-8B4A-11D0-8D11-00A0C91BC942}") = "empty", "lib\glfw\tests\empty.vcxproj", "{C6AACBBA-865C-373F-A07F-A6091819DF44}"
	ProjectSection(ProjectDependencies) = postProject
		{CF0E034F-AE06-3774-B89B-350841E64400} = {CF0E034F-AE06-3774-B89B-350841E64400}
		{3B4B1367-D176-331A-849B-BB7742A7D194} = {3B4B1367-D176-331A-849B-BB7742A7D194}
	EndProjectSection
EndProject
Project("{8BC9CEB8-8B4A-11D0-8D11-00A0C91BC942}") = "events", "lib\glfw\tests\events.vcxproj", "{413C78B0-877C-3C6B-9A94-4EF788ED6812}"
	ProjectSection(ProjectDependencies) = postProject
		{CF0E034F-AE06-3774-B89B-350841E64400} = {CF0E034F-AE06-3774-B89B-350841E64400}
		{3B4B1367-D176-331A-849B-BB7742A7D194} = {3B4B1367-D176-331A-849B-BB7742A7D194}
	EndProjectSection
EndProject
Project("{8BC9CEB8-8B4A-11D0-8D11-00A0C91BC942}") = "gamma", "lib\glfw\tests\gamma.vcxproj", "{DDAFF17E-707A-3B2A-A861-EE8AB009B667}"
	ProjectSection(ProjectDependencies) = postProject
		{CF0E034F-AE06-3774-B89B-350841E64400} = {CF0E034F-AE06-3774-B89B-350841E64400}
		{3B4B1367-D176-331A-849B-BB7742A7D194} = {3B4B1367-D176-331A-849B-BB7742A7D194}
	EndProjectSection
EndProject
Project("{8BC9CEB8-8B4A-11D0-8D11-00A0C91BC942}") = "gears", "lib\glfw\examples\gears.vcxproj", "{8DE5E9F8-7004-3CBE-B2DD-BA614DEAC6AC}"
	ProjectSection(ProjectDependencies) = postProject
		{CF0E034F-AE06-3774-B89B-350841E64400} = {CF0E034F-AE06-3774-B89B-350841E64400}
		{3B4B1367-D176-331A-849B-BB7742A7D194} = {3B4B1367-D176-331A-849B-BB7742A7D194}
	EndProjectSection
EndProject
Project("{8BC9CEB8-8B4A-11D0-8D11-00A0C91BC942}") = "glfw", "lib\glfw\src\glfw.vcxproj", "{3B4B1367-D176-331A-849B-BB7742A7D194}"
	ProjectSection(ProjectDependencies) = postProject
		{CF0E034F-AE06-3774-B89B-350841E64400} = {CF0E034F-AE06-3774-B89B-350841E64400}
	EndProjectSection
EndProject
Project("{8BC9CEB8-8B4A-11D0-8D11-00A0C91BC942}") = "glfwinfo", "lib\glfw\tests\glfwinfo.vcxproj", "{0A47A4E3-5BDB-391C-A2D8-B09DE698E6FB}"
	ProjectSection(ProjectDependencies) = postProject
		{CF0E034F-AE06-3774-B89B-350841E64400} = {CF0E034F-AE06-3774-B89B-350841E64400}
		{3B4B1367-D176-331A-849B-BB7742A7D194} = {3B4B1367-D176-331A-849B-BB7742A7D194}
	EndProjectSection
EndProject
Project("{8BC9CEB8-8B4A-11D0-8D11-00A0C91BC942}") = "heightmap", "lib\glfw\examples\heightmap.vcxproj", "{E8793015-6FF3-3085-B263-65B804D0DEFB}"
	ProjectSection(ProjectDependencies) = postProject
		{CF0E034F-AE06-3774-B89B-350841E64400} = {CF0E034F-AE06-3774-B89B-350841E64400}
		{3B4B1367-D176-331A-849B-BB7742A7D194} = {3B4B1367-D176-331A-849B-BB7742A7D194}
	EndProjectSection
EndProject
Project("{8BC9CEB8-8B4A-11D0-8D11-00A0C91BC942}") = "iconify", "lib\glfw\tests\iconify.vcxproj", "{A08F045D-9D1F-3E6A-8670-63ABC64B7764}"
	ProjectSection(ProjectDependencies) = postProject
		{CF0E034F-AE06-3774-B89B-350841E64400} = {CF0E034F-AE06-3774-B89B-350841E64400}
		{3B4B1367-D176-331A-849B-BB7742A7D194} = {3B4B1367-D176-331A-849B-BB7742A7D194}
	EndProjectSection
EndProject
Project("{8BC9CEB8-8B4A-11D0-8D11-00A0C91BC942}") = "joysticks", "lib\glfw\tests\joysticks.vcxproj", "{09D7EB5B-CD51-3D4F-B7D4-ED033CC9297D}"
	ProjectSection(ProjectDependencies) = postProject
		{CF0E034F-AE06-3774-B89B-350841E64400} = {CF0E034F-AE06-3774-B89B-350841E64400}
		{3B4B1367-D176-331A-849B-BB7742A7D194} = {3B4B1367-D176-331A-849B-BB7742A7D194}
	EndProjectSection
EndProject
Project("{8BC9CEB8-8B4A-11D0-8D11-00A0C91BC942}") = "monitors", "lib\glfw\tests\monitors.vcxproj", "{2A981DC5-9B75-3127-A696-D87F872F460E}"
	ProjectSection(ProjectDependencies) = postProject
		{CF0E034F-AE06-3774-B89B-350841E64400} = {CF0E034F-AE06-3774-B89B-350841E64400}
		{3B4B1367-D176-331A-849B-BB7742A7D194} = {3B4B1367-D176-331A-849B-BB7742A7D194}
	EndProjectSection
EndProject
Project("{8BC9CEB8-8B4A-11D0-8D11-00A0C91BC942}") = "msaa", "lib\glfw\tests\msaa.vcxproj", "{11591A7B-93CB-37B7-AB84-D84CACA06C95}"
	ProjectSection(ProjectDependencies) = postProject
		{CF0E034F-AE06-3774-B89B-350841E64400} = {CF0E034F-AE06-3774-B89B-350841E64400}
		{3B4B1367-D176-331A-849B-BB7742A7D194} = {3B4B1367-D176-331A-849B-BB7742A7D194}
	EndProjectSection
EndProject
Project("{8BC9CEB8-8B4A-11D0-8D11-00A0C91BC942}") = "particles", "lib\glfw\examples\particles.vcxproj", "{B6B0BAF0-D558-3E9A-8951-1D90DCDE8BA5}"
	ProjectSection(ProjectDependencies) = postProject
		{CF0E034F-AE06-3774-B89B-350841E64400} = {CF0E034F-AE06-3774-B89B-350841E64400}
		{3B4B1367-D176-331A-849B-BB7742A7D194} = {3B4B1367-D176-331A-849B-BB7742A7D194}
	EndProjectSection
EndProject
Project("{8BC9CEB8-8B4A-11D0-8D11-00A0C91BC942}") = "release", "release.vcxproj", "{34E3E01E-3067-39A6-8F82-38C89D82F700}"
	ProjectSection(ProjectDependencies) = postProject
		{CF0E034F-AE06-3774-B89B-350841E64400} = {CF0E034F-AE06-3774-B89B-350841E64400}
	EndProjectSection
EndProject
Project("{8BC9CEB8-8B4A-11D0-8D11-00A0C91BC942}") = "reopen", "lib\glfw\tests\reopen.vcxproj", "{E7862609-2E65-30DE-9F04-97AC93062923}"
	ProjectSection(ProjectDependencies) = postProject
		{CF0E034F-AE06-3774-B89B-350841E64400} = {CF0E034F-AE06-3774-B89B-350841E64400}
		{3B4B1367-D176-331A-849B-BB7742A7D194} = {3B4B1367-D176-331A-849B-BB7742A7D194}
	EndProjectSection
EndProject
Project("{8BC9CEB8-8B4A-11D0-8D11-00A0C91BC942}") = "sharing", "lib\glfw\tests\sharing.vcxproj", "{44341286-25F0-3D78-8C9F-15396C7B4975}"
	ProjectSection(ProjectDependencies) = postProject
		{CF0E034F-AE06-3774-B89B-350841E64400} = {CF0E034F-AE06-3774-B89B-350841E64400}
		{3B4B1367-D176-331A-849B-BB7742A7D194} = {3B4B1367-D176-331A-849B-BB7742A7D194}
	EndProjectSection
EndProject
Project("{8BC9CEB8-8B4A-11D0-8D11-00A0C91BC942}") = "simple", "lib\glfw\examples\simple.vcxproj", "{A8F38039-2A39-3993-B322-02574E23519F}"
	ProjectSection(ProjectDependencies) = postProject
		{CF0E034F-AE06-3774-B89B-350841E64400} = {CF0E034F-AE06-3774-B89B-350841E64400}
		{3B4B1367-D176-331A-849B-BB7742A7D194} = {3B4B1367-D176-331A-849B-BB7742A7D194}
	EndProjectSection
EndProject
Project("{8BC9CEB8-8B4A-11D0-8D11-00A0C91BC942}") = "splitview", "lib\glfw\examples\splitview.vcxproj", "{5FEEFF96-0CC8-3C2D-B534-3AF1A9398440}"
	ProjectSection(ProjectDependencies) = postProject
		{CF0E034F-AE06-3774-B89B-350841E64400} = {CF0E034F-AE06-3774-B89B-350841E64400}
		{3B4B1367-D176-331A-849B-BB7742A7D194} = {3B4B1367-D176-331A-849B-BB7742A7D194}
	EndProjectSection
EndProject
Project("{8BC9CEB8-8B4A-11D0-8D11-00A0C91BC942}") = "tearing", "lib\glfw\tests\tearing.vcxproj", "{294A1A5B-0840-3F76-8354-125D6383D433}"
	ProjectSection(ProjectDependencies) = postProject
		{CF0E034F-AE06-3774-B89B-350841E64400} = {CF0E034F-AE06-3774-B89B-350841E64400}
		{3B4B1367-D176-331A-849B-BB7742A7D194} = {3B4B1367-D176-331A-849B-BB7742A7D194}
	EndProjectSection
EndProject
Project("{8BC9CEB8-8B4A-11D0-8D11-00A0C91BC942}") = "threads", "lib\glfw\tests\threads.vcxproj", "{36462F3E-D95D-3B9B-88D7-4D42A63EF3E8}"
	ProjectSection(ProjectDependencies) = postProject
		{CF0E034F-AE06-3774-B89B-350841E64400} = {CF0E034F-AE06-3774-B89B-350841E64400}
		{3B4B1367-D176-331A-849B-BB7742A7D194} = {3B4B1367-D176-331A-849B-BB7742A7D194}
	EndProjectSection
EndProject
Project("{8BC9CEB8-8B4A-11D0-8D11-00A0C91BC942}") = "title", "lib\glfw\tests\title.vcxproj", "{4A5A6868-72C6-3307-A70B-B35E2255B192}"
	ProjectSection(ProjectDependencies) = postProject
		{CF0E034F-AE06-3774-B89B-350841E64400} = {CF0E034F-AE06-3774-B89B-350841E64400}
		{3B4B1367-D176-331A-849B-BB7742A7D194} = {3B4B1367-D176-331A-849B-BB7742A7D194}
	EndProjectSection
EndProject
Project("{8BC9CEB8-8B4A-11D0-8D11-00A0C91BC942}") = "uninstall", "lib\glfw\uninstall.vcxproj", "{EFF62F08-F514-374B-A5CF-9A550298D30E}"
	ProjectSection(ProjectDependencies) = postProject
		{CF0E034F-AE06-3774-B89B-350841E64400} = {CF0E034F-AE06-3774-B89B-350841E64400}
	EndProjectSection
EndProject
Project("{8BC9CEB8-8B4A-11D0-8D11-00A0C91BC942}") = "vermilion", "vermilion.vcxproj", "{1EB1D34F-4797-3A6F-9895-EE68FA59720D}"
	ProjectSection(ProjectDependencies) = postProject
		{CF0E034F-AE06-3774-B89B-350841E64400} = {CF0E034F-AE06-3774-B89B-350841E64400}
	EndProjectSection
EndProject
Project("{8BC9CEB8-8B4A-11D0-8D11-00A0C91BC942}") = "wave", "lib\glfw\examples\wave.vcxproj", "{FFC49297-BD51-37C4-A5A1-371111585A9B}"
	ProjectSection(ProjectDependencies) = postProject
		{CF0E034F-AE06-3774-B89B-350841E64400} = {CF0E034F-AE06-3774-B89B-350841E64400}
		{3B4B1367-D176-331A-849B-BB7742A7D194} = {3B4B1367-D176-331A-849B-BB7742A7D194}
	EndProjectSection
EndProject
Project("{8BC9CEB8-8B4A-11D0-8D11-00A0C91BC942}") = "windows", "lib\glfw\tests\windows.vcxproj", "{809170E8-BA55-3571-AD1C-F97DADC6B1B1}"
	ProjectSection(ProjectDependencies) = postProject
		{CF0E034F-AE06-3774-B89B-350841E64400} = {CF0E034F-AE06-3774-B89B-350841E64400}
		{3B4B1367-D176-331A-849B-BB7742A7D194} = {3B4B1367-D176-331A-849B-BB7742A7D194}
	EndProjectSection
EndProject
Global
	GlobalSection(SolutionConfigurationPlatforms) = preSolution
		Debug|Win32 = Debug|Win32
		Release|Win32 = Release|Win32
		MinSizeRel|Win32 = MinSizeRel|Win32
		RelWithDebInfo|Win32 = RelWithDebInfo|Win32
	EndGlobalSection
	GlobalSection(ProjectConfigurationPlatforms) = postSolution
		{8A1493E8-F583-3D9E-B52E-306A52C896B9}.Debug|Win32.ActiveCfg = Debug|Win32
		{8A1493E8-F583-3D9E-B52E-306A52C896B9}.Debug|Win32.Build.0 = Debug|Win32
		{8A1493E8-F583-3D9E-B52E-306A52C896B9}.Release|Win32.ActiveCfg = Release|Win32
		{8A1493E8-F583-3D9E-B52E-306A52C896B9}.Release|Win32.Build.0 = Release|Win32
		{8A1493E8-F583-3D9E-B52E-306A52C896B9}.MinSizeRel|Win32.ActiveCfg = MinSizeRel|Win32
		{8A1493E8-F583-3D9E-B52E-306A52C896B9}.MinSizeRel|Win32.Build.0 = MinSizeRel|Win32
		{8A1493E8-F583-3D9E-B52E-306A52C896B9}.RelWithDebInfo|Win32.ActiveCfg = RelWithDebInfo|Win32
		{8A1493E8-F583-3D9E-B52E-306A52C896B9}.RelWithDebInfo|Win32.Build.0 = RelWithDebInfo|Win32
		{2ED5D00A-1C4F-34A2-9319-D393CEC4B581}.Debug|Win32.ActiveCfg = Debug|Win32
		{2ED5D00A-1C4F-34A2-9319-D393CEC4B581}.Debug|Win32.Build.0 = Debug|Win32
		{2ED5D00A-1C4F-34A2-9319-D393CEC4B581}.Release|Win32.ActiveCfg = Release|Win32
		{2ED5D00A-1C4F-34A2-9319-D393CEC4B581}.Release|Win32.Build.0 = Release|Win32
		{2ED5D00A-1C4F-34A2-9319-D393CEC4B581}.MinSizeRel|Win32.ActiveCfg = MinSizeRel|Win32
		{2ED5D00A-1C4F-34A2-9319-D393CEC4B581}.MinSizeRel|Win32.Build.0 = MinSizeRel|Win32
		{2ED5D00A-1C4F-34A2-9319-D393CEC4B581}.RelWithDebInfo|Win32.ActiveCfg = RelWithDebInfo|Win32
		{2ED5D00A-1C4F-34A2-9319-D393CEC4B581}.RelWithDebInfo|Win32.Build.0 = RelWithDebInfo|Win32
		{6EAAFA70-9B56-345F-920A-E4E541D6065B}.Debug|Win32.ActiveCfg = Debug|Win32
		{6EAAFA70-9B56-345F-920A-E4E541D6065B}.Debug|Win32.Build.0 = Debug|Win32
		{6EAAFA70-9B56-345F-920A-E4E541D6065B}.Release|Win32.ActiveCfg = Release|Win32
		{6EAAFA70-9B56-345F-920A-E4E541D6065B}.Release|Win32.Build.0 = Release|Win32
		{6EAAFA70-9B56-345F-920A-E4E541D6065B}.MinSizeRel|Win32.ActiveCfg = MinSizeRel|Win32
		{6EAAFA70-9B56-345F-920A-E4E541D6065B}.MinSizeRel|Win32.Build.0 = MinSizeRel|Win32
		{6EAAFA70-9B56-345F-920A-E4E541D6065B}.RelWithDebInfo|Win32.ActiveCfg = RelWithDebInfo|Win32
		{6EAAFA70-9B56-345F-920A-E4E541D6065B}.RelWithDebInfo|Win32.Build.0 = RelWithDebInfo|Win32
		{F312981F-A729-3D74-A753-A3CD72E3B93C}.Debug|Win32.ActiveCfg = Debug|Win32
		{F312981F-A729-3D74-A753-A3CD72E3B93C}.Debug|Win32.Build.0 = Debug|Win32
		{F312981F-A729-3D74-A753-A3CD72E3B93C}.Release|Win32.ActiveCfg = Release|Win32
		{F312981F-A729-3D74-A753-A3CD72E3B93C}.Release|Win32.Build.0 = Release|Win32
		{F312981F-A729-3D74-A753-A3CD72E3B93C}.MinSizeRel|Win32.ActiveCfg = MinSizeRel|Win32
		{F312981F-A729-3D74-A753-A3CD72E3B93C}.MinSizeRel|Win32.Build.0 = MinSizeRel|Win32
		{F312981F-A729-3D74-A753-A3CD72E3B93C}.RelWithDebInfo|Win32.ActiveCfg = RelWithDebInfo|Win32
		{F312981F-A729-3D74-A753-A3CD72E3B93C}.RelWithDebInfo|Win32.Build.0 = RelWithDebInfo|Win32
		{CE0CD885-C0ED-33DD-B1C2-4189F8AE4414}.Debug|Win32.ActiveCfg = Debug|Win32
		{CE0CD885-C0ED-33DD-B1C2-4189F8AE4414}.Debug|Win32.Build.0 = Debug|Win32
		{CE0CD885-C0ED-33DD-B1C2-4189F8AE4414}.Release|Win32.ActiveCfg = Release|Win32
		{CE0CD885-C0ED-33DD-B1C2-4189F8AE4414}.Release|Win32.Build.0 = Release|Win32
		{CE0CD885-C0ED-33DD-B1C2-4189F8AE4414}.MinSizeRel|Win32.ActiveCfg = MinSizeRel|Win32
		{CE0CD885-C0ED-33DD-B1C2-4189F8AE4414}.MinSizeRel|Win32.Build.0 = MinSizeRel|Win32
		{CE0CD885-C0ED-33DD-B1C2-4189F8AE4414}.RelWithDebInfo|Win32.ActiveCfg = RelWithDebInfo|Win32
		{CE0CD885-C0ED-33DD-B1C2-4189F8AE4414}.RelWithDebInfo|Win32.Build.0 = RelWithDebInfo|Win32
		{CE65273A-2A67-3A0C-A3FC-DAC6554FE392}.Debug|Win32.ActiveCfg = Debug|Win32
		{CE65273A-2A67-3A0C-A3FC-DAC6554FE392}.Debug|Win32.Build.0 = Debug|Win32
		{CE65273A-2A67-3A0C-A3FC-DAC6554FE392}.Release|Win32.ActiveCfg = Release|Win32
		{CE65273A-2A67-3A0C-A3FC-DAC6554FE392}.Release|Win32.Build.0 = Release|Win32
		{CE65273A-2A67-3A0C-A3FC-DAC6554FE392}.MinSizeRel|Win32.ActiveCfg = MinSizeRel|Win32
		{CE65273A-2A67-3A0C-A3FC-DAC6554FE392}.MinSizeRel|Win32.Build.0 = MinSizeRel|Win32
		{CE65273A-2A67-3A0C-A3FC-DAC6554FE392}.RelWithDebInfo|Win32.ActiveCfg = RelWithDebInfo|Win32
		{CE65273A-2A67-3A0C-A3FC-DAC6554FE392}.RelWithDebInfo|Win32.Build.0 = RelWithDebInfo|Win32
		{DEB40525-482F-349A-895D-1D2FFE227516}.Debug|Win32.ActiveCfg = Debug|Win32
		{DEB40525-482F-349A-895D-1D2FFE227516}.Debug|Win32.Build.0 = Debug|Win32
		{DEB40525-482F-349A-895D-1D2FFE227516}.Release|Win32.ActiveCfg = Release|Win32
		{DEB40525-482F-349A-895D-1D2FFE227516}.Release|Win32.Build.0 = Release|Win32
		{DEB40525-482F-349A-895D-1D2FFE227516}.MinSizeRel|Win32.ActiveCfg = MinSizeRel|Win32
		{DEB40525-482F-349A-895D-1D2FFE227516}.MinSizeRel|Win32.Build.0 = MinSizeRel|Win32
		{DEB40525-482F-349A-895D-1D2FFE227516}.RelWithDebInfo|Win32.ActiveCfg = RelWithDebInfo|Win32
		{DEB40525-482F-349A-895D-1D2FFE227516}.RelWithDebInfo|Win32.Build.0 = RelWithDebInfo|Win32
		{14ADED6D-ADCE-36EA-A542-BCD3B7BE455C}.Debug|Win32.ActiveCfg = Debug|Win32
		{14ADED6D-ADCE-36EA-A542-BCD3B7BE455C}.Debug|Win32.Build.0 = Debug|Win32
		{14ADED6D-ADCE-36EA-A542-BCD3B7BE455C}.Release|Win32.ActiveCfg = Release|Win32
		{14ADED6D-ADCE-36EA-A542-BCD3B7BE455C}.Release|Win32.Build.0 = Release|Win32
		{14ADED6D-ADCE-36EA-A542-BCD3B7BE455C}.MinSizeRel|Win32.ActiveCfg = MinSizeRel|Win32
		{14ADED6D-ADCE-36EA-A542-BCD3B7BE455C}.MinSizeRel|Win32.Build.0 = MinSizeRel|Win32
		{14ADED6D-ADCE-36EA-A542-BCD3B7BE455C}.RelWithDebInfo|Win32.ActiveCfg = RelWithDebInfo|Win32
		{14ADED6D-ADCE-36EA-A542-BCD3B7BE455C}.RelWithDebInfo|Win32.Build.0 = RelWithDebInfo|Win32
		{2072EF49-8547-396E-A821-F66199896F23}.Debug|Win32.ActiveCfg = Debug|Win32
		{2072EF49-8547-396E-A821-F66199896F23}.Debug|Win32.Build.0 = Debug|Win32
		{2072EF49-8547-396E-A821-F66199896F23}.Release|Win32.ActiveCfg = Release|Win32
		{2072EF49-8547-396E-A821-F66199896F23}.Release|Win32.Build.0 = Release|Win32
		{2072EF49-8547-396E-A821-F66199896F23}.MinSizeRel|Win32.ActiveCfg = MinSizeRel|Win32
		{2072EF49-8547-396E-A821-F66199896F23}.MinSizeRel|Win32.Build.0 = MinSizeRel|Win32
		{2072EF49-8547-396E-A821-F66199896F23}.RelWithDebInfo|Win32.ActiveCfg = RelWithDebInfo|Win32
		{2072EF49-8547-396E-A821-F66199896F23}.RelWithDebInfo|Win32.Build.0 = RelWithDebInfo|Win32
		{61A118E0-40D9-3DA4-8DA6-BF7CDB177F59}.Debug|Win32.ActiveCfg = Debug|Win32
		{61A118E0-40D9-3DA4-8DA6-BF7CDB177F59}.Debug|Win32.Build.0 = Debug|Win32
		{61A118E0-40D9-3DA4-8DA6-BF7CDB177F59}.Release|Win32.ActiveCfg = Release|Win32
		{61A118E0-40D9-3DA4-8DA6-BF7CDB177F59}.Release|Win32.Build.0 = Release|Win32
		{61A118E0-40D9-3DA4-8DA6-BF7CDB177F59}.MinSizeRel|Win32.ActiveCfg = MinSizeRel|Win32
		{61A118E0-40D9-3DA4-8DA6-BF7CDB177F59}.MinSizeRel|Win32.Build.0 = MinSizeRel|Win32
		{61A118E0-40D9-3DA4-8DA6-BF7CDB177F59}.RelWithDebInfo|Win32.ActiveCfg = RelWithDebInfo|Win32
		{61A118E0-40D9-3DA4-8DA6-BF7CDB177F59}.RelWithDebInfo|Win32.Build.0 = RelWithDebInfo|Win32
		{770D9C22-8C61-3CA5-8502-A017B7398B05}.Debug|Win32.ActiveCfg = Debug|Win32
		{770D9C22-8C61-3CA5-8502-A017B7398B05}.Debug|Win32.Build.0 = Debug|Win32
		{770D9C22-8C61-3CA5-8502-A017B7398B05}.Release|Win32.ActiveCfg = Release|Win32
		{770D9C22-8C61-3CA5-8502-A017B7398B05}.Release|Win32.Build.0 = Release|Win32
		{770D9C22-8C61-3CA5-8502-A017B7398B05}.MinSizeRel|Win32.ActiveCfg = MinSizeRel|Win32
		{770D9C22-8C61-3CA5-8502-A017B7398B05}.MinSizeRel|Win32.Build.0 = MinSizeRel|Win32
		{770D9C22-8C61-3CA5-8502-A017B7398B05}.RelWithDebInfo|Win32.ActiveCfg = RelWithDebInfo|Win32
		{770D9C22-8C61-3CA5-8502-A017B7398B05}.RelWithDebInfo|Win32.Build.0 = RelWithDebInfo|Win32
		{4F7C92CC-3080-363A-BD4B-62C181BF345E}.Debug|Win32.ActiveCfg = Debug|Win32
		{4F7C92CC-3080-363A-BD4B-62C181BF345E}.Debug|Win32.Build.0 = Debug|Win32
		{4F7C92CC-3080-363A-BD4B-62C181BF345E}.Release|Win32.ActiveCfg = Release|Win32
		{4F7C92CC-3080-363A-BD4B-62C181BF345E}.Release|Win32.Build.0 = Release|Win32
		{4F7C92CC-3080-363A-BD4B-62C181BF345E}.MinSizeRel|Win32.ActiveCfg = MinSizeRel|Win32
		{4F7C92CC-3080-363A-BD4B-62C181BF345E}.MinSizeRel|Win32.Build.0 = MinSizeRel|Win32
		{4F7C92CC-3080-363A-BD4B-62C181BF345E}.RelWithDebInfo|Win32.ActiveCfg = RelWithDebInfo|Win32
		{4F7C92CC-3080-363A-BD4B-62C181BF345E}.RelWithDebInfo|Win32.Build.0 = RelWithDebInfo|Win32
		{A812856C-594C-366F-A7C6-5E751DC98F4F}.Debug|Win32.ActiveCfg = Debug|Win32
		{A812856C-594C-366F-A7C6-5E751DC98F4F}.Debug|Win32.Build.0 = Debug|Win32
		{A812856C-594C-366F-A7C6-5E751DC98F4F}.Release|Win32.ActiveCfg = Release|Win32
		{A812856C-594C-366F-A7C6-5E751DC98F4F}.Release|Win32.Build.0 = Release|Win32
		{A812856C-594C-366F-A7C6-5E751DC98F4F}.MinSizeRel|Win32.ActiveCfg = MinSizeRel|Win32
		{A812856C-594C-366F-A7C6-5E751DC98F4F}.MinSizeRel|Win32.Build.0 = MinSizeRel|Win32
		{A812856C-594C-366F-A7C6-5E751DC98F4F}.RelWithDebInfo|Win32.ActiveCfg = RelWithDebInfo|Win32
		{A812856C-594C-366F-A7C6-5E751DC98F4F}.RelWithDebInfo|Win32.Build.0 = RelWithDebInfo|Win32
		{21D0F28C-88FD-352B-B8D3-2300D1B43056}.Debug|Win32.ActiveCfg = Debug|Win32
		{21D0F28C-88FD-352B-B8D3-2300D1B43056}.Debug|Win32.Build.0 = Debug|Win32
		{21D0F28C-88FD-352B-B8D3-2300D1B43056}.Release|Win32.ActiveCfg = Release|Win32
		{21D0F28C-88FD-352B-B8D3-2300D1B43056}.Release|Win32.Build.0 = Release|Win32
		{21D0F28C-88FD-352B-B8D3-2300D1B43056}.MinSizeRel|Win32.ActiveCfg = MinSizeRel|Win32
		{21D0F28C-88FD-352B-B8D3-2300D1B43056}.MinSizeRel|Win32.Build.0 = MinSizeRel|Win32
		{21D0F28C-88FD-352B-B8D3-2300D1B43056}.RelWithDebInfo|Win32.ActiveCfg = RelWithDebInfo|Win32
		{21D0F28C-88FD-352B-B8D3-2300D1B43056}.RelWithDebInfo|Win32.Build.0 = RelWithDebInfo|Win32
		{4903E85A-DD05-37E1-8833-0AB36BC0DAA1}.Debug|Win32.ActiveCfg = Debug|Win32
		{4903E85A-DD05-37E1-8833-0AB36BC0DAA1}.Debug|Win32.Build.0 = Debug|Win32
		{4903E85A-DD05-37E1-8833-0AB36BC0DAA1}.Release|Win32.ActiveCfg = Release|Win32
		{4903E85A-DD05-37E1-8833-0AB36BC0DAA1}.Release|Win32.Build.0 = Release|Win32
		{4903E85A-DD05-37E1-8833-0AB36BC0DAA1}.MinSizeRel|Win32.ActiveCfg = MinSizeRel|Win32
		{4903E85A-DD05-37E1-8833-0AB36BC0DAA1}.MinSizeRel|Win32.Build.0 = MinSizeRel|Win32
		{4903E85A-DD05-37E1-8833-0AB36BC0DAA1}.RelWithDebInfo|Win32.ActiveCfg = RelWithDebInfo|Win32
		{4903E85A-DD05-37E1-8833-0AB36BC0DAA1}.RelWithDebInfo|Win32.Build.0 = RelWithDebInfo|Win32
		{B7B05153-D794-34F2-87DA-08C1A1B0F26E}.Debug|Win32.ActiveCfg = Debug|Win32
		{B7B05153-D794-34F2-87DA-08C1A1B0F26E}.Debug|Win32.Build.0 = Debug|Win32
		{B7B05153-D794-34F2-87DA-08C1A1B0F26E}.Release|Win32.ActiveCfg = Release|Win32
		{B7B05153-D794-34F2-87DA-08C1A1B0F26E}.Release|Win32.Build.0 = Release|Win32
		{B7B05153-D794-34F2-87DA-08C1A1B0F26E}.MinSizeRel|Win32.ActiveCfg = MinSizeRel|Win32
		{B7B05153-D794-34F2-87DA-08C1A1B0F26E}.MinSizeRel|Win32.Build.0 = MinSizeRel|Win32
		{B7B05153-D794-34F2-87DA-08C1A1B0F26E}.RelWithDebInfo|Win32.ActiveCfg = RelWithDebInfo|Win32
		{B7B05153-D794-34F2-87DA-08C1A1B0F26E}.RelWithDebInfo|Win32.Build.0 = RelWithDebInfo|Win32
		{391E4ED7-716A-3F66-BE0B-B3C6226E5AE6}.Debug|Win32.ActiveCfg = Debug|Win32
		{391E4ED7-716A-3F66-BE0B-B3C6226E5AE6}.Debug|Win32.Build.0 = Debug|Win32
		{391E4ED7-716A-3F66-BE0B-B3C6226E5AE6}.Release|Win32.ActiveCfg = Release|Win32
		{391E4ED7-716A-3F66-BE0B-B3C6226E5AE6}.Release|Win32.Build.0 = Release|Win32
		{391E4ED7-716A-3F66-BE0B-B3C6226E5AE6}.MinSizeRel|Win32.ActiveCfg = MinSizeRel|Win32
		{391E4ED7-716A-3F66-BE0B-B3C6226E5AE6}.MinSizeRel|Win32.Build.0 = MinSizeRel|Win32
		{391E4ED7-716A-3F66-BE0B-B3C6226E5AE6}.RelWithDebInfo|Win32.ActiveCfg = RelWithDebInfo|Win32
		{391E4ED7-716A-3F66-BE0B-B3C6226E5AE6}.RelWithDebInfo|Win32.Build.0 = RelWithDebInfo|Win32
		{B272A6D8-97D9-3C42-9E6D-6EBBD85E2004}.Debug|Win32.ActiveCfg = Debug|Win32
		{B272A6D8-97D9-3C42-9E6D-6EBBD85E2004}.Debug|Win32.Build.0 = Debug|Win32
		{B272A6D8-97D9-3C42-9E6D-6EBBD85E2004}.Release|Win32.ActiveCfg = Release|Win32
		{B272A6D8-97D9-3C42-9E6D-6EBBD85E2004}.Release|Win32.Build.0 = Release|Win32
		{B272A6D8-97D9-3C42-9E6D-6EBBD85E2004}.MinSizeRel|Win32.ActiveCfg = MinSizeRel|Win32
		{B272A6D8-97D9-3C42-9E6D-6EBBD85E2004}.MinSizeRel|Win32.Build.0 = MinSizeRel|Win32
		{B272A6D8-97D9-3C42-9E6D-6EBBD85E2004}.RelWithDebInfo|Win32.ActiveCfg = RelWithDebInfo|Win32
		{B272A6D8-97D9-3C42-9E6D-6EBBD85E2004}.RelWithDebInfo|Win32.Build.0 = RelWithDebInfo|Win32
		{224385AF-DBE3-3013-9616-0A2E87806AE1}.Debug|Win32.ActiveCfg = Debug|Win32
		{224385AF-DBE3-3013-9616-0A2E87806AE1}.Debug|Win32.Build.0 = Debug|Win32
		{224385AF-DBE3-3013-9616-0A2E87806AE1}.Release|Win32.ActiveCfg = Release|Win32
		{224385AF-DBE3-3013-9616-0A2E87806AE1}.Release|Win32.Build.0 = Release|Win32
		{224385AF-DBE3-3013-9616-0A2E87806AE1}.MinSizeRel|Win32.ActiveCfg = MinSizeRel|Win32
		{224385AF-DBE3-3013-9616-0A2E87806AE1}.MinSizeRel|Win32.Build.0 = MinSizeRel|Win32
		{224385AF-DBE3-3013-9616-0A2E87806AE1}.RelWithDebInfo|Win32.ActiveCfg = RelWithDebInfo|Win32
		{224385AF-DBE3-3013-9616-0A2E87806AE1}.RelWithDebInfo|Win32.Build.0 = RelWithDebInfo|Win32
		{9AD3D280-DEDB-3CCC-8CDB-E7093BB35EDC}.Debug|Win32.ActiveCfg = Debug|Win32
		{9AD3D280-DEDB-3CCC-8CDB-E7093BB35EDC}.Debug|Win32.Build.0 = Debug|Win32
		{9AD3D280-DEDB-3CCC-8CDB-E7093BB35EDC}.Release|Win32.ActiveCfg = Release|Win32
		{9AD3D280-DEDB-3CCC-8CDB-E7093BB35EDC}.Release|Win32.Build.0 = Release|Win32
		{9AD3D280-DEDB-3CCC-8CDB-E7093BB35EDC}.MinSizeRel|Win32.ActiveCfg = MinSizeRel|Win32
		{9AD3D280-DEDB-3CCC-8CDB-E7093BB35EDC}.MinSizeRel|Win32.Build.0 = MinSizeRel|Win32
		{9AD3D280-DEDB-3CCC-8CDB-E7093BB35EDC}.RelWithDebInfo|Win32.ActiveCfg = RelWithDebInfo|Win32
		{9AD3D280-DEDB-3CCC-8CDB-E7093BB35EDC}.RelWithDebInfo|Win32.Build.0 = RelWithDebInfo|Win32
		{E9218E85-3D67-3041-9501-01C477FE98D9}.Debug|Win32.ActiveCfg = Debug|Win32
		{E9218E85-3D67-3041-9501-01C477FE98D9}.Debug|Win32.Build.0 = Debug|Win32
		{E9218E85-3D67-3041-9501-01C477FE98D9}.Release|Win32.ActiveCfg = Release|Win32
		{E9218E85-3D67-3041-9501-01C477FE98D9}.Release|Win32.Build.0 = Release|Win32
		{E9218E85-3D67-3041-9501-01C477FE98D9}.MinSizeRel|Win32.ActiveCfg = MinSizeRel|Win32
		{E9218E85-3D67-3041-9501-01C477FE98D9}.MinSizeRel|Win32.Build.0 = MinSizeRel|Win32
		{E9218E85-3D67-3041-9501-01C477FE98D9}.RelWithDebInfo|Win32.ActiveCfg = RelWithDebInfo|Win32
		{E9218E85-3D67-3041-9501-01C477FE98D9}.RelWithDebInfo|Win32.Build.0 = RelWithDebInfo|Win32
		{D6E7CD4E-07C8-31D1-B72A-80F4CEF49B82}.Debug|Win32.ActiveCfg = Debug|Win32
		{D6E7CD4E-07C8-31D1-B72A-80F4CEF49B82}.Debug|Win32.Build.0 = Debug|Win32
		{D6E7CD4E-07C8-31D1-B72A-80F4CEF49B82}.Release|Win32.ActiveCfg = Release|Win32
		{D6E7CD4E-07C8-31D1-B72A-80F4CEF49B82}.Release|Win32.Build.0 = Release|Win32
		{D6E7CD4E-07C8-31D1-B72A-80F4CEF49B82}.MinSizeRel|Win32.ActiveCfg = MinSizeRel|Win32
		{D6E7CD4E-07C8-31D1-B72A-80F4CEF49B82}.MinSizeRel|Win32.Build.0 = MinSizeRel|Win32
		{D6E7CD4E-07C8-31D1-B72A-80F4CEF49B82}.RelWithDebInfo|Win32.ActiveCfg = RelWithDebInfo|Win32
		{D6E7CD4E-07C8-31D1-B72A-80F4CEF49B82}.RelWithDebInfo|Win32.Build.0 = RelWithDebInfo|Win32
		{7889EFA4-CC23-32FF-BF00-3003AFED4681}.Debug|Win32.ActiveCfg = Debug|Win32
		{7889EFA4-CC23-32FF-BF00-3003AFED4681}.Debug|Win32.Build.0 = Debug|Win32
		{7889EFA4-CC23-32FF-BF00-3003AFED4681}.Release|Win32.ActiveCfg = Release|Win32
		{7889EFA4-CC23-32FF-BF00-3003AFED4681}.Release|Win32.Build.0 = Release|Win32
		{7889EFA4-CC23-32FF-BF00-3003AFED4681}.MinSizeRel|Win32.ActiveCfg = MinSizeRel|Win32
		{7889EFA4-CC23-32FF-BF00-3003AFED4681}.MinSizeRel|Win32.Build.0 = MinSizeRel|Win32
		{7889EFA4-CC23-32FF-BF00-3003AFED4681}.RelWithDebInfo|Win32.ActiveCfg = RelWithDebInfo|Win32
		{7889EFA4-CC23-32FF-BF00-3003AFED4681}.RelWithDebInfo|Win32.Build.0 = RelWithDebInfo|Win32
		{8403E058-EC85-3940-8743-46B32F3131B5}.Debug|Win32.ActiveCfg = Debug|Win32
		{8403E058-EC85-3940-8743-46B32F3131B5}.Debug|Win32.Build.0 = Debug|Win32
		{8403E058-EC85-3940-8743-46B32F3131B5}.Release|Win32.ActiveCfg = Release|Win32
		{8403E058-EC85-3940-8743-46B32F3131B5}.Release|Win32.Build.0 = Release|Win32
		{8403E058-EC85-3940-8743-46B32F3131B5}.MinSizeRel|Win32.ActiveCfg = MinSizeRel|Win32
		{8403E058-EC85-3940-8743-46B32F3131B5}.MinSizeRel|Win32.Build.0 = MinSizeRel|Win32
		{8403E058-EC85-3940-8743-46B32F3131B5}.RelWithDebInfo|Win32.ActiveCfg = RelWithDebInfo|Win32
		{8403E058-EC85-3940-8743-46B32F3131B5}.RelWithDebInfo|Win32.Build.0 = RelWithDebInfo|Win32
		{8482B7BE-227A-3443-80C6-ADC71EEF4FFE}.Debug|Win32.ActiveCfg = Debug|Win32
		{8482B7BE-227A-3443-80C6-ADC71EEF4FFE}.Debug|Win32.Build.0 = Debug|Win32
		{8482B7BE-227A-3443-80C6-ADC71EEF4FFE}.Release|Win32.ActiveCfg = Release|Win32
		{8482B7BE-227A-3443-80C6-ADC71EEF4FFE}.Release|Win32.Build.0 = Release|Win32
		{8482B7BE-227A-3443-80C6-ADC71EEF4FFE}.MinSizeRel|Win32.ActiveCfg = MinSizeRel|Win32
		{8482B7BE-227A-3443-80C6-ADC71EEF4FFE}.MinSizeRel|Win32.Build.0 = MinSizeRel|Win32
		{8482B7BE-227A-3443-80C6-ADC71EEF4FFE}.RelWithDebInfo|Win32.ActiveCfg = RelWithDebInfo|Win32
		{8482B7BE-227A-3443-80C6-ADC71EEF4FFE}.RelWithDebInfo|Win32.Build.0 = RelWithDebInfo|Win32
		{52DE455C-D811-374D-8F57-FCCFEF135CE3}.Debug|Win32.ActiveCfg = Debug|Win32
		{52DE455C-D811-374D-8F57-FCCFEF135CE3}.Debug|Win32.Build.0 = Debug|Win32
		{52DE455C-D811-374D-8F57-FCCFEF135CE3}.Release|Win32.ActiveCfg = Release|Win32
		{52DE455C-D811-374D-8F57-FCCFEF135CE3}.Release|Win32.Build.0 = Release|Win32
		{52DE455C-D811-374D-8F57-FCCFEF135CE3}.MinSizeRel|Win32.ActiveCfg = MinSizeRel|Win32
		{52DE455C-D811-374D-8F57-FCCFEF135CE3}.MinSizeRel|Win32.Build.0 = MinSizeRel|Win32
		{52DE455C-D811-374D-8F57-FCCFEF135CE3}.RelWithDebInfo|Win32.ActiveCfg = RelWithDebInfo|Win32
		{52DE455C-D811-374D-8F57-FCCFEF135CE3}.RelWithDebInfo|Win32.Build.0 = RelWithDebInfo|Win32
		{3FEF4FD3-821B-3F8A-A9B2-31195E1B4EDA}.Debug|Win32.ActiveCfg = Debug|Win32
		{3FEF4FD3-821B-3F8A-A9B2-31195E1B4EDA}.Debug|Win32.Build.0 = Debug|Win32
		{3FEF4FD3-821B-3F8A-A9B2-31195E1B4EDA}.Release|Win32.ActiveCfg = Release|Win32
		{3FEF4FD3-821B-3F8A-A9B2-31195E1B4EDA}.Release|Win32.Build.0 = Release|Win32
		{3FEF4FD3-821B-3F8A-A9B2-31195E1B4EDA}.MinSizeRel|Win32.ActiveCfg = MinSizeRel|Win32
		{3FEF4FD3-821B-3F8A-A9B2-31195E1B4EDA}.MinSizeRel|Win32.Build.0 = MinSizeRel|Win32
		{3FEF4FD3-821B-3F8A-A9B2-31195E1B4EDA}.RelWithDebInfo|Win32.ActiveCfg = RelWithDebInfo|Win32
		{3FEF4FD3-821B-3F8A-A9B2-31195E1B4EDA}.RelWithDebInfo|Win32.Build.0 = RelWithDebInfo|Win32
		{F5195DBD-911F-3257-A24B-557D935ED968}.Debug|Win32.ActiveCfg = Debug|Win32
		{F5195DBD-911F-3257-A24B-557D935ED968}.Debug|Win32.Build.0 = Debug|Win32
		{F5195DBD-911F-3257-A24B-557D935ED968}.Release|Win32.ActiveCfg = Release|Win32
		{F5195DBD-911F-3257-A24B-557D935ED968}.Release|Win32.Build.0 = Release|Win32
		{F5195DBD-911F-3257-A24B-557D935ED968}.MinSizeRel|Win32.ActiveCfg = MinSizeRel|Win32
		{F5195DBD-911F-3257-A24B-557D935ED968}.MinSizeRel|Win32.Build.0 = MinSizeRel|Win32
		{F5195DBD-911F-3257-A24B-557D935ED968}.RelWithDebInfo|Win32.ActiveCfg = RelWithDebInfo|Win32
		{F5195DBD-911F-3257-A24B-557D935ED968}.RelWithDebInfo|Win32.Build.0 = RelWithDebInfo|Win32
		{3700558D-2839-39AA-BAAA-EB06A8A9AAD8}.Debug|Win32.ActiveCfg = Debug|Win32
		{3700558D-2839-39AA-BAAA-EB06A8A9AAD8}.Debug|Win32.Build.0 = Debug|Win32
		{3700558D-2839-39AA-BAAA-EB06A8A9AAD8}.Release|Win32.ActiveCfg = Release|Win32
		{3700558D-2839-39AA-BAAA-EB06A8A9AAD8}.Release|Win32.Build.0 = Release|Win32
		{3700558D-2839-39AA-BAAA-EB06A8A9AAD8}.MinSizeRel|Win32.ActiveCfg = MinSizeRel|Win32
		{3700558D-2839-39AA-BAAA-EB06A8A9AAD8}.MinSizeRel|Win32.Build.0 = MinSizeRel|Win32
		{3700558D-2839-39AA-BAAA-EB06A8A9AAD8}.RelWithDebInfo|Win32.ActiveCfg = RelWithDebInfo|Win32
		{3700558D-2839-39AA-BAAA-EB06A8A9AAD8}.RelWithDebInfo|Win32.Build.0 = RelWithDebInfo|Win32
		{DCD98CB2-D822-307B-8EF3-6FA43F02D50B}.Debug|Win32.ActiveCfg = Debug|Win32
		{DCD98CB2-D822-307B-8EF3-6FA43F02D50B}.Debug|Win32.Build.0 = Debug|Win32
		{DCD98CB2-D822-307B-8EF3-6FA43F02D50B}.Release|Win32.ActiveCfg = Release|Win32
		{DCD98CB2-D822-307B-8EF3-6FA43F02D50B}.Release|Win32.Build.0 = Release|Win32
		{DCD98CB2-D822-307B-8EF3-6FA43F02D50B}.MinSizeRel|Win32.ActiveCfg = MinSizeRel|Win32
		{DCD98CB2-D822-307B-8EF3-6FA43F02D50B}.MinSizeRel|Win32.Build.0 = MinSizeRel|Win32
		{DCD98CB2-D822-307B-8EF3-6FA43F02D50B}.RelWithDebInfo|Win32.ActiveCfg = RelWithDebInfo|Win32
		{DCD98CB2-D822-307B-8EF3-6FA43F02D50B}.RelWithDebInfo|Win32.Build.0 = RelWithDebInfo|Win32
		{BAAED69F-E5D2-3CEF-811A-22764801B9AA}.Debug|Win32.ActiveCfg = Debug|Win32
		{BAAED69F-E5D2-3CEF-811A-22764801B9AA}.Debug|Win32.Build.0 = Debug|Win32
		{BAAED69F-E5D2-3CEF-811A-22764801B9AA}.Release|Win32.ActiveCfg = Release|Win32
		{BAAED69F-E5D2-3CEF-811A-22764801B9AA}.Release|Win32.Build.0 = Release|Win32
		{BAAED69F-E5D2-3CEF-811A-22764801B9AA}.MinSizeRel|Win32.ActiveCfg = MinSizeRel|Win32
		{BAAED69F-E5D2-3CEF-811A-22764801B9AA}.MinSizeRel|Win32.Build.0 = MinSizeRel|Win32
		{BAAED69F-E5D2-3CEF-811A-22764801B9AA}.RelWithDebInfo|Win32.ActiveCfg = RelWithDebInfo|Win32
		{BAAED69F-E5D2-3CEF-811A-22764801B9AA}.RelWithDebInfo|Win32.Build.0 = RelWithDebInfo|Win32
		{731C9186-0415-301E-A1A6-76E168B47D00}.Debug|Win32.ActiveCfg = Debug|Win32
		{731C9186-0415-301E-A1A6-76E168B47D00}.Debug|Win32.Build.0 = Debug|Win32
		{731C9186-0415-301E-A1A6-76E168B47D00}.Release|Win32.ActiveCfg = Release|Win32
		{731C9186-0415-301E-A1A6-76E168B47D00}.Release|Win32.Build.0 = Release|Win32
		{731C9186-0415-301E-A1A6-76E168B47D00}.MinSizeRel|Win32.ActiveCfg = MinSizeRel|Win32
		{731C9186-0415-301E-A1A6-76E168B47D00}.MinSizeRel|Win32.Build.0 = MinSizeRel|Win32
		{731C9186-0415-301E-A1A6-76E168B47D00}.RelWithDebInfo|Win32.ActiveCfg = RelWithDebInfo|Win32
		{731C9186-0415-301E-A1A6-76E168B47D00}.RelWithDebInfo|Win32.Build.0 = RelWithDebInfo|Win32
		{CEE789C6-715E-30CF-89C5-973EB4F497FC}.Debug|Win32.ActiveCfg = Debug|Win32
		{CEE789C6-715E-30CF-89C5-973EB4F497FC}.Debug|Win32.Build.0 = Debug|Win32
		{CEE789C6-715E-30CF-89C5-973EB4F497FC}.Release|Win32.ActiveCfg = Release|Win32
		{CEE789C6-715E-30CF-89C5-973EB4F497FC}.Release|Win32.Build.0 = Release|Win32
		{CEE789C6-715E-30CF-89C5-973EB4F497FC}.MinSizeRel|Win32.ActiveCfg = MinSizeRel|Win32
		{CEE789C6-715E-30CF-89C5-973EB4F497FC}.MinSizeRel|Win32.Build.0 = MinSizeRel|Win32
		{CEE789C6-715E-30CF-89C5-973EB4F497FC}.RelWithDebInfo|Win32.ActiveCfg = RelWithDebInfo|Win32
		{CEE789C6-715E-30CF-89C5-973EB4F497FC}.RelWithDebInfo|Win32.Build.0 = RelWithDebInfo|Win32
		{60BBA122-C9F3-37B1-9994-D8CF90E90FE6}.Debug|Win32.ActiveCfg = Debug|Win32
		{60BBA122-C9F3-37B1-9994-D8CF90E90FE6}.Release|Win32.ActiveCfg = Release|Win32
		{60BBA122-C9F3-37B1-9994-D8CF90E90FE6}.MinSizeRel|Win32.ActiveCfg = MinSizeRel|Win32
		{60BBA122-C9F3-37B1-9994-D8CF90E90FE6}.RelWithDebInfo|Win32.ActiveCfg = RelWithDebInfo|Win32
		{CF0E034F-AE06-3774-B89B-350841E64400}.Debug|Win32.ActiveCfg = Debug|Win32
		{CF0E034F-AE06-3774-B89B-350841E64400}.Debug|Win32.Build.0 = Debug|Win32
		{CF0E034F-AE06-3774-B89B-350841E64400}.Release|Win32.ActiveCfg = Release|Win32
		{CF0E034F-AE06-3774-B89B-350841E64400}.Release|Win32.Build.0 = Release|Win32
		{CF0E034F-AE06-3774-B89B-350841E64400}.MinSizeRel|Win32.ActiveCfg = MinSizeRel|Win32
		{CF0E034F-AE06-3774-B89B-350841E64400}.MinSizeRel|Win32.Build.0 = MinSizeRel|Win32
		{CF0E034F-AE06-3774-B89B-350841E64400}.RelWithDebInfo|Win32.ActiveCfg = RelWithDebInfo|Win32
		{CF0E034F-AE06-3774-B89B-350841E64400}.RelWithDebInfo|Win32.Build.0 = RelWithDebInfo|Win32
		{94C08410-CD58-398E-9E69-A10EEDC6D271}.Debug|Win32.ActiveCfg = Debug|Win32
		{94C08410-CD58-398E-9E69-A10EEDC6D271}.Debug|Win32.Build.0 = Debug|Win32
		{94C08410-CD58-398E-9E69-A10EEDC6D271}.Release|Win32.ActiveCfg = Release|Win32
		{94C08410-CD58-398E-9E69-A10EEDC6D271}.Release|Win32.Build.0 = Release|Win32
		{94C08410-CD58-398E-9E69-A10EEDC6D271}.MinSizeRel|Win32.ActiveCfg = MinSizeRel|Win32
		{94C08410-CD58-398E-9E69-A10EEDC6D271}.MinSizeRel|Win32.Build.0 = MinSizeRel|Win32
		{94C08410-CD58-398E-9E69-A10EEDC6D271}.RelWithDebInfo|Win32.ActiveCfg = RelWithDebInfo|Win32
		{94C08410-CD58-398E-9E69-A10EEDC6D271}.RelWithDebInfo|Win32.Build.0 = RelWithDebInfo|Win32
		{AAC9C4FD-06D3-3465-BD1F-AE10DCC64BB5}.Debug|Win32.ActiveCfg = Debug|Win32
		{AAC9C4FD-06D3-3465-BD1F-AE10DCC64BB5}.Debug|Win32.Build.0 = Debug|Win32
		{AAC9C4FD-06D3-3465-BD1F-AE10DCC64BB5}.Release|Win32.ActiveCfg = Release|Win32
		{AAC9C4FD-06D3-3465-BD1F-AE10DCC64BB5}.Release|Win32.Build.0 = Release|Win32
		{AAC9C4FD-06D3-3465-BD1F-AE10DCC64BB5}.MinSizeRel|Win32.ActiveCfg = MinSizeRel|Win32
		{AAC9C4FD-06D3-3465-BD1F-AE10DCC64BB5}.MinSizeRel|Win32.Build.0 = MinSizeRel|Win32
		{AAC9C4FD-06D3-3465-BD1F-AE10DCC64BB5}.RelWithDebInfo|Win32.ActiveCfg = RelWithDebInfo|Win32
		{AAC9C4FD-06D3-3465-BD1F-AE10DCC64BB5}.RelWithDebInfo|Win32.Build.0 = RelWithDebInfo|Win32
		{35474F26-F4CD-3700-A91D-253293B85237}.Debug|Win32.ActiveCfg = Debug|Win32
		{35474F26-F4CD-3700-A91D-253293B85237}.Debug|Win32.Build.0 = Debug|Win32
		{35474F26-F4CD-3700-A91D-253293B85237}.Release|Win32.ActiveCfg = Release|Win32
		{35474F26-F4CD-3700-A91D-253293B85237}.Release|Win32.Build.0 = Release|Win32
		{35474F26-F4CD-3700-A91D-253293B85237}.MinSizeRel|Win32.ActiveCfg = MinSizeRel|Win32
		{35474F26-F4CD-3700-A91D-253293B85237}.MinSizeRel|Win32.Build.0 = MinSizeRel|Win32
		{35474F26-F4CD-3700-A91D-253293B85237}.RelWithDebInfo|Win32.ActiveCfg = RelWithDebInfo|Win32
		{35474F26-F4CD-3700-A91D-253293B85237}.RelWithDebInfo|Win32.Build.0 = RelWithDebInfo|Win32
		{65A002B2-0BDA-3333-A2E7-781A7F975CCD}.Debug|Win32.ActiveCfg = Debug|Win32
		{65A002B2-0BDA-3333-A2E7-781A7F975CCD}.Release|Win32.ActiveCfg = Release|Win32
		{65A002B2-0BDA-3333-A2E7-781A7F975CCD}.MinSizeRel|Win32.ActiveCfg = MinSizeRel|Win32
		{65A002B2-0BDA-3333-A2E7-781A7F975CCD}.RelWithDebInfo|Win32.ActiveCfg = RelWithDebInfo|Win32
		{C6AACBBA-865C-373F-A07F-A6091819DF44}.Debug|Win32.ActiveCfg = Debug|Win32
		{C6AACBBA-865C-373F-A07F-A6091819DF44}.Debug|Win32.Build.0 = Debug|Win32
		{C6AACBBA-865C-373F-A07F-A6091819DF44}.Release|Win32.ActiveCfg = Release|Win32
		{C6AACBBA-865C-373F-A07F-A6091819DF44}.Release|Win32.Build.0 = Release|Win32
		{C6AACBBA-865C-373F-A07F-A6091819DF44}.MinSizeRel|Win32.ActiveCfg = MinSizeRel|Win32
		{C6AACBBA-865C-373F-A07F-A6091819DF44}.MinSizeRel|Win32.Build.0 = MinSizeRel|Win32
		{C6AACBBA-865C-373F-A07F-A6091819DF44}.RelWithDebInfo|Win32.ActiveCfg = RelWithDebInfo|Win32
		{C6AACBBA-865C-373F-A07F-A6091819DF44}.RelWithDebInfo|Win32.Build.0 = RelWithDebInfo|Win32
		{413C78B0-877C-3C6B-9A94-4EF788ED6812}.Debug|Win32.ActiveCfg = Debug|Win32
		{413C78B0-877C-3C6B-9A94-4EF788ED6812}.Debug|Win32.Build.0 = Debug|Win32
		{413C78B0-877C-3C6B-9A94-4EF788ED6812}.Release|Win32.ActiveCfg = Release|Win32
		{413C78B0-877C-3C6B-9A94-4EF788ED6812}.Release|Win32.Build.0 = Release|Win32
		{413C78B0-877C-3C6B-9A94-4EF788ED6812}.MinSizeRel|Win32.ActiveCfg = MinSizeRel|Win32
		{413C78B0-877C-3C6B-9A94-4EF788ED6812}.MinSizeRel|Win32.Build.0 = MinSizeRel|Win32
		{413C78B0-877C-3C6B-9A94-4EF788ED6812}.RelWithDebInfo|Win32.ActiveCfg = RelWithDebInfo|Win32
		{413C78B0-877C-3C6B-9A94-4EF788ED6812}.RelWithDebInfo|Win32.Build.0 = RelWithDebInfo|Win32
		{DDAFF17E-707A-3B2A-A861-EE8AB009B667}.Debug|Win32.ActiveCfg = Debug|Win32
		{DDAFF17E-707A-3B2A-A861-EE8AB009B667}.Debug|Win32.Build.0 = Debug|Win32
		{DDAFF17E-707A-3B2A-A861-EE8AB009B667}.Release|Win32.ActiveCfg = Release|Win32
		{DDAFF17E-707A-3B2A-A861-EE8AB009B667}.Release|Win32.Build.0 = Release|Win32
		{DDAFF17E-707A-3B2A-A861-EE8AB009B667}.MinSizeRel|Win32.ActiveCfg = MinSizeRel|Win32
		{DDAFF17E-707A-3B2A-A861-EE8AB009B667}.MinSizeRel|Win32.Build.0 = MinSizeRel|Win32
		{DDAFF17E-707A-3B2A-A861-EE8AB009B667}.RelWithDebInfo|Win32.ActiveCfg = RelWithDebInfo|Win32
		{DDAFF17E-707A-3B2A-A861-EE8AB009B667}.RelWithDebInfo|Win32.Build.0 = RelWithDebInfo|Win32
		{8DE5E9F8-7004-3CBE-B2DD-BA614DEAC6AC}.Debug|Win32.ActiveCfg = Debug|Win32
		{8DE5E9F8-7004-3CBE-B2DD-BA614DEAC6AC}.Debug|Win32.Build.0 = Debug|Win32
		{8DE5E9F8-7004-3CBE-B2DD-BA614DEAC6AC}.Release|Win32.ActiveCfg = Release|Win32
		{8DE5E9F8-7004-3CBE-B2DD-BA614DEAC6AC}.Release|Win32.Build.0 = Release|Win32
		{8DE5E9F8-7004-3CBE-B2DD-BA614DEAC6AC}.MinSizeRel|Win32.ActiveCfg = MinSizeRel|Win32
		{8DE5E9F8-7004-3CBE-B2DD-BA614DEAC6AC}.MinSizeRel|Win32.Build.0 = MinSizeRel|Win32
		{8DE5E9F8-7004-3CBE-B2DD-BA614DEAC6AC}.RelWithDebInfo|Win32.ActiveCfg = RelWithDebInfo|Win32
		{8DE5E9F8-7004-3CBE-B2DD-BA614DEAC6AC}.RelWithDebInfo|Win32.Build.0 = RelWithDebInfo|Win32
		{3B4B1367-D176-331A-849B-BB7742A7D194}.Debug|Win32.ActiveCfg = Debug|Win32
		{3B4B1367-D176-331A-849B-BB7742A7D194}.Debug|Win32.Build.0 = Debug|Win32
		{3B4B1367-D176-331A-849B-BB7742A7D194}.Release|Win32.ActiveCfg = Release|Win32
		{3B4B1367-D176-331A-849B-BB7742A7D194}.Release|Win32.Build.0 = Release|Win32
		{3B4B1367-D176-331A-849B-BB7742A7D194}.MinSizeRel|Win32.ActiveCfg = MinSizeRel|Win32
		{3B4B1367-D176-331A-849B-BB7742A7D194}.MinSizeRel|Win32.Build.0 = MinSizeRel|Win32
		{3B4B1367-D176-331A-849B-BB7742A7D194}.RelWithDebInfo|Win32.ActiveCfg = RelWithDebInfo|Win32
		{3B4B1367-D176-331A-849B-BB7742A7D194}.RelWithDebInfo|Win32.Build.0 = RelWithDebInfo|Win32
		{0A47A4E3-5BDB-391C-A2D8-B09DE698E6FB}.Debug|Win32.ActiveCfg = Debug|Win32
		{0A47A4E3-5BDB-391C-A2D8-B09DE698E6FB}.Debug|Win32.Build.0 = Debug|Win32
		{0A47A4E3-5BDB-391C-A2D8-B09DE698E6FB}.Release|Win32.ActiveCfg = Release|Win32
		{0A47A4E3-5BDB-391C-A2D8-B09DE698E6FB}.Release|Win32.Build.0 = Release|Win32
		{0A47A4E3-5BDB-391C-A2D8-B09DE698E6FB}.MinSizeRel|Win32.ActiveCfg = MinSizeRel|Win32
		{0A47A4E3-5BDB-391C-A2D8-B09DE698E6FB}.MinSizeRel|Win32.Build.0 = MinSizeRel|Win32
		{0A47A4E3-5BDB-391C-A2D8-B09DE698E6FB}.RelWithDebInfo|Win32.ActiveCfg = RelWithDebInfo|Win32
		{0A47A4E3-5BDB-391C-A2D8-B09DE698E6FB}.RelWithDebInfo|Win32.Build.0 = RelWithDebInfo|Win32
		{E8793015-6FF3-3085-B263-65B804D0DEFB}.Debug|Win32.ActiveCfg = Debug|Win32
		{E8793015-6FF3-3085-B263-65B804D0DEFB}.Debug|Win32.Build.0 = Debug|Win32
		{E8793015-6FF3-3085-B263-65B804D0DEFB}.Release|Win32.ActiveCfg = Release|Win32
		{E8793015-6FF3-3085-B263-65B804D0DEFB}.Release|Win32.Build.0 = Release|Win32
		{E8793015-6FF3-3085-B263-65B804D0DEFB}.MinSizeRel|Win32.ActiveCfg = MinSizeRel|Win32
		{E8793015-6FF3-3085-B263-65B804D0DEFB}.MinSizeRel|Win32.Build.0 = MinSizeRel|Win32
		{E8793015-6FF3-3085-B263-65B804D0DEFB}.RelWithDebInfo|Win32.ActiveCfg = RelWithDebInfo|Win32
		{E8793015-6FF3-3085-B263-65B804D0DEFB}.RelWithDebInfo|Win32.Build.0 = RelWithDebInfo|Win32
		{A08F045D-9D1F-3E6A-8670-63ABC64B7764}.Debug|Win32.ActiveCfg = Debug|Win32
		{A08F045D-9D1F-3E6A-8670-63ABC64B7764}.Debug|Win32.Build.0 = Debug|Win32
		{A08F045D-9D1F-3E6A-8670-63ABC64B7764}.Release|Win32.ActiveCfg = Release|Win32
		{A08F045D-9D1F-3E6A-8670-63ABC64B7764}.Release|Win32.Build.0 = Release|Win32
		{A08F045D-9D1F-3E6A-8670-63ABC64B7764}.MinSizeRel|Win32.ActiveCfg = MinSizeRel|Win32
		{A08F045D-9D1F-3E6A-8670-63ABC64B7764}.MinSizeRel|Win32.Build.0 = MinSizeRel|Win32
		{A08F045D-9D1F-3E6A-8670-63ABC64B7764}.RelWithDebInfo|Win32.ActiveCfg = RelWithDebInfo|Win32
		{A08F045D-9D1F-3E6A-8670-63ABC64B7764}.RelWithDebInfo|Win32.Build.0 = RelWithDebInfo|Win32
		{09D7EB5B-CD51-3D4F-B7D4-ED033CC9297D}.Debug|Win32.ActiveCfg = Debug|Win32
		{09D7EB5B-CD51-3D4F-B7D4-ED033CC9297D}.Debug|Win32.Build.0 = Debug|Win32
		{09D7EB5B-CD51-3D4F-B7D4-ED033CC9297D}.Release|Win32.ActiveCfg = Release|Win32
		{09D7EB5B-CD51-3D4F-B7D4-ED033CC9297D}.Release|Win32.Build.0 = Release|Win32
		{09D7EB5B-CD51-3D4F-B7D4-ED033CC9297D}.MinSizeRel|Win32.ActiveCfg = MinSizeRel|Win32
		{09D7EB5B-CD51-3D4F-B7D4-ED033CC9297D}.MinSizeRel|Win32.Build.0 = MinSizeRel|Win32
		{09D7EB5B-CD51-3D4F-B7D4-ED033CC9297D}.RelWithDebInfo|Win32.ActiveCfg = RelWithDebInfo|Win32
		{09D7EB5B-CD51-3D4F-B7D4-ED033CC9297D}.RelWithDebInfo|Win32.Build.0 = RelWithDebInfo|Win32
		{2A981DC5-9B75-3127-A696-D87F872F460E}.Debug|Win32.ActiveCfg = Debug|Win32
		{2A981DC5-9B75-3127-A696-D87F872F460E}.Debug|Win32.Build.0 = Debug|Win32
		{2A981DC5-9B75-3127-A696-D87F872F460E}.Release|Win32.ActiveCfg = Release|Win32
		{2A981DC5-9B75-3127-A696-D87F872F460E}.Release|Win32.Build.0 = Release|Win32
		{2A981DC5-9B75-3127-A696-D87F872F460E}.MinSizeRel|Win32.ActiveCfg = MinSizeRel|Win32
		{2A981DC5-9B75-3127-A696-D87F872F460E}.MinSizeRel|Win32.Build.0 = MinSizeRel|Win32
		{2A981DC5-9B75-3127-A696-D87F872F460E}.RelWithDebInfo|Win32.ActiveCfg = RelWithDebInfo|Win32
		{2A981DC5-9B75-3127-A696-D87F872F460E}.RelWithDebInfo|Win32.Build.0 = RelWithDebInfo|Win32
		{11591A7B-93CB-37B7-AB84-D84CACA06C95}.Debug|Win32.ActiveCfg = Debug|Win32
		{11591A7B-93CB-37B7-AB84-D84CACA06C95}.Debug|Win32.Build.0 = Debug|Win32
		{11591A7B-93CB-37B7-AB84-D84CACA06C95}.Release|Win32.ActiveCfg = Release|Win32
		{11591A7B-93CB-37B7-AB84-D84CACA06C95}.Release|Win32.Build.0 = Release|Win32
		{11591A7B-93CB-37B7-AB84-D84CACA06C95}.MinSizeRel|Win32.ActiveCfg = MinSizeRel|Win32
		{11591A7B-93CB-37B7-AB84-D84CACA06C95}.MinSizeRel|Win32.Build.0 = MinSizeRel|Win32
		{11591A7B-93CB-37B7-AB84-D84CACA06C95}.RelWithDebInfo|Win32.ActiveCfg = RelWithDebInfo|Win32
		{11591A7B-93CB-37B7-AB84-D84CACA06C95}.RelWithDebInfo|Win32.Build.0 = RelWithDebInfo|Win32
		{B6B0BAF0-D558-3E9A-8951-1D90DCDE8BA5}.Debug|Win32.ActiveCfg = Debug|Win32
		{B6B0BAF0-D558-3E9A-8951-1D90DCDE8BA5}.Debug|Win32.Build.0 = Debug|Win32
		{B6B0BAF0-D558-3E9A-8951-1D90DCDE8BA5}.Release|Win32.ActiveCfg = Release|Win32
		{B6B0BAF0-D558-3E9A-8951-1D90DCDE8BA5}.Release|Win32.Build.0 = Release|Win32
		{B6B0BAF0-D558-3E9A-8951-1D90DCDE8BA5}.MinSizeRel|Win32.ActiveCfg = MinSizeRel|Win32
		{B6B0BAF0-D558-3E9A-8951-1D90DCDE8BA5}.MinSizeRel|Win32.Build.0 = MinSizeRel|Win32
		{B6B0BAF0-D558-3E9A-8951-1D90DCDE8BA5}.RelWithDebInfo|Win32.ActiveCfg = RelWithDebInfo|Win32
		{B6B0BAF0-D558-3E9A-8951-1D90DCDE8BA5}.RelWithDebInfo|Win32.Build.0 = RelWithDebInfo|Win32
		{34E3E01E-3067-39A6-8F82-38C89D82F700}.Debug|Win32.ActiveCfg = Debug|Win32
		{34E3E01E-3067-39A6-8F82-38C89D82F700}.Release|Win32.ActiveCfg = Release|Win32
		{34E3E01E-3067-39A6-8F82-38C89D82F700}.MinSizeRel|Win32.ActiveCfg = MinSizeRel|Win32
		{34E3E01E-3067-39A6-8F82-38C89D82F700}.RelWithDebInfo|Win32.ActiveCfg = RelWithDebInfo|Win32
		{E7862609-2E65-30DE-9F04-97AC93062923}.Debug|Win32.ActiveCfg = Debug|Win32
		{E7862609-2E65-30DE-9F04-97AC93062923}.Debug|Win32.Build.0 = Debug|Win32
		{E7862609-2E65-30DE-9F04-97AC93062923}.Release|Win32.ActiveCfg = Release|Win32
		{E7862609-2E65-30DE-9F04-97AC93062923}.Release|Win32.Build.0 = Release|Win32
		{E7862609-2E65-30DE-9F04-97AC93062923}.MinSizeRel|Win32.ActiveCfg = MinSizeRel|Win32
		{E7862609-2E65-30DE-9F04-97AC93062923}.MinSizeRel|Win32.Build.0 = MinSizeRel|Win32
		{E7862609-2E65-30DE-9F04-97AC93062923}.RelWithDebInfo|Win32.ActiveCfg = RelWithDebInfo|Win32
		{E7862609-2E65-30DE-9F04-97AC93062923}.RelWithDebInfo|Win32.Build.0 = RelWithDebInfo|Win32
		{44341286-25F0-3D78-8C9F-15396C7B4975}.Debug|Win32.ActiveCfg = Debug|Win32
		{44341286-25F0-3D78-8C9F-15396C7B4975}.Debug|Win32.Build.0 = Debug|Win32
		{44341286-25F0-3D78-8C9F-15396C7B4975}.Release|Win32.ActiveCfg = Release|Win32
		{44341286-25F0-3D78-8C9F-15396C7B4975}.Release|Win32.Build.0 = Release|Win32
		{44341286-25F0-3D78-8C9F-15396C7B4975}.MinSizeRel|Win32.ActiveCfg = MinSizeRel|Win32
		{44341286-25F0-3D78-8C9F-15396C7B4975}.MinSizeRel|Win32.Build.0 = MinSizeRel|Win32
		{44341286-25F0-3D78-8C9F-15396C7B4975}.RelWithDebInfo|Win32.ActiveCfg = RelWithDebInfo|Win32
		{44341286-25F0-3D78-8C9F-15396C7B4975}.RelWithDebInfo|Win32.Build.0 = RelWithDebInfo|Win32
		{A8F38039-2A39-3993-B322-02574E23519F}.Debug|Win32.ActiveCfg = Debug|Win32
		{A8F38039-2A39-3993-B322-02574E23519F}.Debug|Win32.Build.0 = Debug|Win32
		{A8F38039-2A39-3993-B322-02574E23519F}.Release|Win32.ActiveCfg = Release|Win32
		{A8F38039-2A39-3993-B322-02574E23519F}.Release|Win32.Build.0 = Release|Win32
		{A8F38039-2A39-3993-B322-02574E23519F}.MinSizeRel|Win32.ActiveCfg = MinSizeRel|Win32
		{A8F38039-2A39-3993-B322-02574E23519F}.MinSizeRel|Win32.Build.0 = MinSizeRel|Win32
		{A8F38039-2A39-3993-B322-02574E23519F}.RelWithDebInfo|Win32.ActiveCfg = RelWithDebInfo|Win32
		{A8F38039-2A39-3993-B322-02574E23519F}.RelWithDebInfo|Win32.Build.0 = RelWithDebInfo|Win32
		{5FEEFF96-0CC8-3C2D-B534-3AF1A9398440}.Debug|Win32.ActiveCfg = Debug|Win32
		{5FEEFF96-0CC8-3C2D-B534-3AF1A9398440}.Debug|Win32.Build.0 = Debug|Win32
		{5FEEFF96-0CC8-3C2D-B534-3AF1A9398440}.Release|Win32.ActiveCfg = Release|Win32
		{5FEEFF96-0CC8-3C2D-B534-3AF1A9398440}.Release|Win32.Build.0 = Release|Win32
		{5FEEFF96-0CC8-3C2D-B534-3AF1A9398440}.MinSizeRel|Win32.ActiveCfg = MinSizeRel|Win32
		{5FEEFF96-0CC8-3C2D-B534-3AF1A9398440}.MinSizeRel|Win32.Build.0 = MinSizeRel|Win32
		{5FEEFF96-0CC8-3C2D-B534-3AF1A9398440}.RelWithDebInfo|Win32.ActiveCfg = RelWithDebInfo|Win32
		{5FEEFF96-0CC8-3C2D-B534-3AF1A9398440}.RelWithDebInfo|Win32.Build.0 = RelWithDebInfo|Win32
		{294A1A5B-0840-3F76-8354-125D6383D433}.Debug|Win32.ActiveCfg = Debug|Win32
		{294A1A5B-0840-3F76-8354-125D6383D433}.Debug|Win32.Build.0 = Debug|Win32
		{294A1A5B-0840-3F76-8354-125D6383D433}.Release|Win32.ActiveCfg = Release|Win32
		{294A1A5B-0840-3F76-8354-125D6383D433}.Release|Win32.Build.0 = Release|Win32
		{294A1A5B-0840-3F76-8354-125D6383D433}.MinSizeRel|Win32.ActiveCfg = MinSizeRel|Win32
		{294A1A5B-0840-3F76-8354-125D6383D433}.MinSizeRel|Win32.Build.0 = MinSizeRel|Win32
		{294A1A5B-0840-3F76-8354-125D6383D433}.RelWithDebInfo|Win32.ActiveCfg = RelWithDebInfo|Win32
		{294A1A5B-0840-3F76-8354-125D6383D433}.RelWithDebInfo|Win32.Build.0 = RelWithDebInfo|Win32
		{36462F3E-D95D-3B9B-88D7-4D42A63EF3E8}.Debug|Win32.ActiveCfg = Debug|Win32
		{36462F3E-D95D-3B9B-88D7-4D42A63EF3E8}.Debug|Win32.Build.0 = Debug|Win32
		{36462F3E-D95D-3B9B-88D7-4D42A63EF3E8}.Release|Win32.ActiveCfg = Release|Win32
		{36462F3E-D95D-3B9B-88D7-4D42A63EF3E8}.Release|Win32.Build.0 = Release|Win32
		{36462F3E-D95D-3B9B-88D7-4D42A63EF3E8}.MinSizeRel|Win32.ActiveCfg = MinSizeRel|Win32
		{36462F3E-D95D-3B9B-88D7-4D42A63EF3E8}.MinSizeRel|Win32.Build.0 = MinSizeRel|Win32
		{36462F3E-D95D-3B9B-88D7-4D42A63EF3E8}.RelWithDebInfo|Win32.ActiveCfg = RelWithDebInfo|Win32
		{36462F3E-D95D-3B9B-88D7-4D42A63EF3E8}.RelWithDebInfo|Win32.Build.0 = RelWithDebInfo|Win32
		{4A5A6868-72C6-3307-A70B-B35E2255B192}.Debug|Win32.ActiveCfg = Debug|Win32
		{4A5A6868-72C6-3307-A70B-B35E2255B192}.Debug|Win32.Build.0 = Debug|Win32
		{4A5A6868-72C6-3307-A70B-B35E2255B192}.Release|Win32.ActiveCfg = Release|Win32
		{4A5A6868-72C6-3307-A70B-B35E2255B192}.Release|Win32.Build.0 = Release|Win32
		{4A5A6868-72C6-3307-A70B-B35E2255B192}.MinSizeRel|Win32.ActiveCfg = MinSizeRel|Win32
		{4A5A6868-72C6-3307-A70B-B35E2255B192}.MinSizeRel|Win32.Build.0 = MinSizeRel|Win32
		{4A5A6868-72C6-3307-A70B-B35E2255B192}.RelWithDebInfo|Win32.ActiveCfg = RelWithDebInfo|Win32
		{4A5A6868-72C6-3307-A70B-B35E2255B192}.RelWithDebInfo|Win32.Build.0 = RelWithDebInfo|Win32
		{EFF62F08-F514-374B-A5CF-9A550298D30E}.Debug|Win32.ActiveCfg = Debug|Win32
		{EFF62F08-F514-374B-A5CF-9A550298D30E}.Release|Win32.ActiveCfg = Release|Win32
		{EFF62F08-F514-374B-A5CF-9A550298D30E}.MinSizeRel|Win32.ActiveCfg = MinSizeRel|Win32
		{EFF62F08-F514-374B-A5CF-9A550298D30E}.RelWithDebInfo|Win32.ActiveCfg = RelWithDebInfo|Win32
		{1EB1D34F-4797-3A6F-9895-EE68FA59720D}.Debug|Win32.ActiveCfg = Debug|Win32
		{1EB1D34F-4797-3A6F-9895-EE68FA59720D}.Debug|Win32.Build.0 = Debug|Win32
		{1EB1D34F-4797-3A6F-9895-EE68FA59720D}.Release|Win32.ActiveCfg = Release|Win32
		{1EB1D34F-4797-3A6F-9895-EE68FA59720D}.Release|Win32.Build.0 = Release|Win32
		{1EB1D34F-4797-3A6F-9895-EE68FA59720D}.MinSizeRel|Win32.ActiveCfg = MinSizeRel|Win32
		{1EB1D34F-4797-3A6F-9895-EE68FA59720D}.MinSizeRel|Win32.Build.0 = MinSizeRel|Win32
		{1EB1D34F-4797-3A6F-9895-EE68FA59720D}.RelWithDebInfo|Win32.ActiveCfg = RelWithDebInfo|Win32
		{1EB1D34F-4797-3A6F-9895-EE68FA59720D}.RelWithDebInfo|Win32.Build.0 = RelWithDebInfo|Win32
		{FFC49297-BD51-37C4-A5A1-371111585A9B}.Debug|Win32.ActiveCfg = Debug|Win32
		{FFC49297-BD51-37C4-A5A1-371111585A9B}.Debug|Win32.Build.0 = Debug|Win32
		{FFC49297-BD51-37C4-A5A1-371111585A9B}.Release|Win32.ActiveCfg = Release|Win32
		{FFC49297-BD51-37C4-A5A1-371111585A9B}.Release|Win32.Build.0 = Release|Win32
		{FFC49297-BD51-37C4-A5A1-371111585A9B}.MinSizeRel|Win32.ActiveCfg = MinSizeRel|Win32
		{FFC49297-BD51-37C4-A5A1-371111585A9B}.MinSizeRel|Win32.Build.0 = MinSizeRel|Win32
		{FFC49297-BD51-37C4-A5A1-371111585A9B}.RelWithDebInfo|Win32.ActiveCfg = RelWithDebInfo|Win32
		{FFC49297-BD51-37C4-A5A1-371111585A9B}.RelWithDebInfo|Win32.Build.0 = RelWithDebInfo|Win32
		{809170E8-BA55-3571-AD1C-F97DADC6B1B1}.Debug|Win32.ActiveCfg = Debug|Win32
		{809170E8-BA55-3571-AD1C-F97DADC6B1B1}.Debug|Win32.Build.0 = Debug|Win32
		{809170E8-BA55-3571-AD1C-F97DADC6B1B1}.Release|Win32.ActiveCfg = Release|Win32
		{809170E8-BA55-3571-AD1C-F97DADC6B1B1}.Release|Win32.Build.0 = Release|Win32
		{809170E8-BA55-3571-AD1C-F97DADC6B1B1}.MinSizeRel|Win32.ActiveCfg = MinSizeRel|Win32
		{809170E8-BA55-3571-AD1C-F97DADC6B1B1}.MinSizeRel|Win32.Build.0 = MinSizeRel|Win32
		{809170E8-BA55-3571-AD1C-F97DADC6B1B1}.RelWithDebInfo|Win32.ActiveCfg = RelWithDebInfo|Win32
		{809170E8-BA55-3571-AD1C-F97DADC6B1B1}.RelWithDebInfo|Win32.Build.0 = RelWithDebInfo|Win32
	EndGlobalSection
	GlobalSection(NestedProjects) = preSolution
		{8A1493E8-F583-3D9E-B52E-306A52C896B9} = {B6A2FDCD-D82B-3D93-B8FF-D605BB2355AB}
		{60BBA122-C9F3-37B1-9994-D8CF90E90FE6} = {B6A2FDCD-D82B-3D93-B8FF-D605BB2355AB}
		{CF0E034F-AE06-3774-B89B-350841E64400} = {B6A2FDCD-D82B-3D93-B8FF-D605BB2355AB}
		{86A32427-52EE-3DAB-930B-0A7DA8ADEE3E} = {D9EE03A3-6067-3E1C-A5D3-BB45614E178C}
		{B5B7B1C4-B0CB-328A-A366-6608995CF290} = {D9EE03A3-6067-3E1C-A5D3-BB45614E178C}
		{3B4B1367-D176-331A-849B-BB7742A7D194} = {D9EE03A3-6067-3E1C-A5D3-BB45614E178C}
		{94C08410-CD58-398E-9E69-A10EEDC6D271} = {86A32427-52EE-3DAB-930B-0A7DA8ADEE3E}
		{8DE5E9F8-7004-3CBE-B2DD-BA614DEAC6AC} = {86A32427-52EE-3DAB-930B-0A7DA8ADEE3E}
		{E8793015-6FF3-3085-B263-65B804D0DEFB} = {86A32427-52EE-3DAB-930B-0A7DA8ADEE3E}
		{B6B0BAF0-D558-3E9A-8951-1D90DCDE8BA5} = {86A32427-52EE-3DAB-930B-0A7DA8ADEE3E}
		{A8F38039-2A39-3993-B322-02574E23519F} = {86A32427-52EE-3DAB-930B-0A7DA8ADEE3E}
		{5FEEFF96-0CC8-3C2D-B534-3AF1A9398440} = {86A32427-52EE-3DAB-930B-0A7DA8ADEE3E}
		{FFC49297-BD51-37C4-A5A1-371111585A9B} = {86A32427-52EE-3DAB-930B-0A7DA8ADEE3E}
		{AAC9C4FD-06D3-3465-BD1F-AE10DCC64BB5} = {B5B7B1C4-B0CB-328A-A366-6608995CF290}
		{35474F26-F4CD-3700-A91D-253293B85237} = {B5B7B1C4-B0CB-328A-A366-6608995CF290}
		{C6AACBBA-865C-373F-A07F-A6091819DF44} = {B5B7B1C4-B0CB-328A-A366-6608995CF290}
		{413C78B0-877C-3C6B-9A94-4EF788ED6812} = {B5B7B1C4-B0CB-328A-A366-6608995CF290}
		{DDAFF17E-707A-3B2A-A861-EE8AB009B667} = {B5B7B1C4-B0CB-328A-A366-6608995CF290}
		{0A47A4E3-5BDB-391C-A2D8-B09DE698E6FB} = {B5B7B1C4-B0CB-328A-A366-6608995CF290}
		{A08F045D-9D1F-3E6A-8670-63ABC64B7764} = {B5B7B1C4-B0CB-328A-A366-6608995CF290}
		{09D7EB5B-CD51-3D4F-B7D4-ED033CC9297D} = {B5B7B1C4-B0CB-328A-A366-6608995CF290}
		{2A981DC5-9B75-3127-A696-D87F872F460E} = {B5B7B1C4-B0CB-328A-A366-6608995CF290}
		{11591A7B-93CB-37B7-AB84-D84CACA06C95} = {B5B7B1C4-B0CB-328A-A366-6608995CF290}
		{E7862609-2E65-30DE-9F04-97AC93062923} = {B5B7B1C4-B0CB-328A-A366-6608995CF290}
		{44341286-25F0-3D78-8C9F-15396C7B4975} = {B5B7B1C4-B0CB-328A-A366-6608995CF290}
		{294A1A5B-0840-3F76-8354-125D6383D433} = {B5B7B1C4-B0CB-328A-A366-6608995CF290}
		{36462F3E-D95D-3B9B-88D7-4D42A63EF3E8} = {B5B7B1C4-B0CB-328A-A366-6608995CF290}
		{4A5A6868-72C6-3307-A70B-B35E2255B192} = {B5B7B1C4-B0CB-328A-A366-6608995CF290}
		{809170E8-BA55-3571-AD1C-F97DADC6B1B1} = {B5B7B1C4-B0CB-328A-A366-6608995CF290}
	EndGlobalSection
	GlobalSection(ExtensibilityGlobals) = postSolution
		SolutionGuid = {7A67D5AC-126B-303B-AFDD-C1DD09ACB03B}
	EndGlobalSection
	GlobalSection(ExtensibilityAddIns) = postSolution
	EndGlobalSection
EndGlobal
