<?xml version="1.0" encoding="UTF-8"?>
<Project ToolsVersion="14.0" xmlns="http://schemas.microsoft.com/developer/msbuild/2003">
  <ItemGroup>
    <CustomBuild Include="C:\GPC\Vermilion\CMakeFiles\5782aefe3c441ed1205c24c5039f3418\INSTALL_force.rule">
      <Filter>CMake Rules</Filter>
    </CustomBuild>
  </ItemGroup>
  <ItemGroup>
    <Filter Include="CMake Rules">
      <UniqueIdentifier>{9AFF52E2-6C96-3065-A53E-FF21A4B054DD}</UniqueIdentifier>
    </Filter>
  </ItemGroup>
</Project>
