Microsoft Visual Studio Solution File, Format Version 12.00
# Visual Studio 14
Project("{2150E333-8FDC-42A3-9474-1A3956D46DE8}") = "CMakePredefinedTargets", "CMakePredefinedTargets", "{B6A2FDCD-D82B-3D93-B8FF-D605BB2355AB}"
EndProject
Project("{2150E333-8FDC-42A3-9474-1A3956D46DE8}") = "GLFW3", "GLFW3", "{D9EE03A3-6067-3E1C-A5D3-BB45614E178C}"
EndProject
Project("{2150E333-8FDC-42A3-9474-1A3956D46DE8}") = "Examples", "GLFW3\Examples", "{86A32427-52EE-3DAB-930B-0A7DA8ADEE3E}"
EndProject
Project("{2150E333-8FDC-42A3-9474-1A3956D46DE8}") = "Tests", "GLFW3\Tests", "{B5B7B1C4-B0CB-328A-A366-6608995CF290}"
EndProject
Project("{8BC9CEB8-8B4A-11D0-8D11-00A0C91BC942}") = "ALL_BUILD", "ALL_BUILD.vcxproj", "{8A1493E8-F583-3D9E-B52E-306A52C896B9}"
	ProjectSection(ProjectDependencies) = postProject
		{CF0E034F-AE06-3774-B89B-350841E64400} = {CF0E034F-AE06-3774-B89B-350841E64400}
		{94C08410-CD58-398E-9E69-A10EEDC6D271} = {94C08410-CD58-398E-9E69-A10EEDC6D271}
		{AAC9C4FD-06D3-3465-BD1F-AE10DCC64BB5} = {AAC9C4FD-06D3-3465-BD1F-AE10DCC64BB5}
		{35474F26-F4CD-3700-A91D-253293B85237} = {35474F26-F4CD-3700-A91D-253293B85237}
		{C6AACBBA-865C-373F-A07F-A6091819DF44} = {C6AACBBA-865C-373F-A07F-A6091819DF44}
		{413C78B0-877C-3C6B-9A94-4EF788ED6812} = {413C78B0-877C-3C6B-9A94-4EF788ED6812}
		{DDAFF17E-707A-3B2A-A861-EE8AB009B667} = {DDAFF17E-707A-3B2A-A861-EE8AB009B667}
		{8DE5E9F8-7004-3CBE-B2DD-BA614DEAC6AC} = {8DE5E9F8-7004-3CBE-B2DD-BA614DEAC6AC}
		{3B4B1367-D176-331A-849B-BB7742A7D194} = {3B4B1367-D176-331A-849B-BB7742A7D194}
		{0A47A4E3-5BDB-391C-A2D8-B09DE698E6FB} = {0A47A4E3-5BDB-391C-A2D8-B09DE698E6FB}
		{E8793015-6FF3-3085-B263-65B804D0DEFB} = {E8793015-6FF3-3085-B263-65B804D0DEFB}
		{A08F045D-9D1F-3E6A-8670-63ABC64B7764} = {A08F045D-9D1F-3E6A-8670-63ABC64B7764}
		{09D7EB5B-CD51-3D4F-B7D4-ED033CC9297D} = {09D7EB5B-CD51-3D4F-B7D4-ED033CC9297D}
		{2A981DC5-9B75-3127-A696-D87F872F460E} = {2A981DC5-9B75-3127-A696-D87F872F460E}
		{11591A7B-93CB-37B7-AB84-D84CACA06C95} = {11591A7B-93CB-37B7-AB84-D84CACA06C95}
		{B6B0BAF0-D558-3E9A-8951-1D90DCDE8BA5} = {B6B0BAF0-D558-3E9A-8951-1D90DCDE8BA5}
		{E7862609-2E65-30DE-9F04-97AC93062923} = {E7862609-2E65-30DE-9F04-97AC93062923}
		{44341286-25F0-3D78-8C9F-15396C7B4975} = {44341286-25F0-3D78-8C9F-15396C7B4975}
		{A8F38039-2A39-3993-B322-02574E23519F} = {A8F38039-2A39-3993-B322-02574E23519F}
		{5FEEFF96-0CC8-3C2D-B534-3AF1A9398440} = {5FEEFF96-0CC8-3C2D-B534-3AF1A9398440}
		{294A1A5B-0840-3F76-8354-125D6383D433} = {294A1A5B-0840-3F76-8354-125D6383D433}
		{36462F3E-D95D-3B9B-88D7-4D42A63EF3E8} = {36462F3E-D95D-3B9B-88D7-4D42A63EF3E8}
		{4A5A6868-72C6-3307-A70B-B35E2255B192} = {4A5A6868-72C6-3307-A70B-B35E2255B192}
		{FFC49297-BD51-37C4-A5A1-371111585A9B} = {FFC49297-BD51-37C4-A5A1-371111585A9B}
		{809170E8-BA55-3571-AD1C-F97DADC6B1B1} = {809170E8-BA55-3571-AD1C-F97DADC6B1B1}
	EndProjectSection
EndProject
Project("{8BC9CEB8-8B4A-11D0-8D11-00A0C91BC942}") = "INSTALL", "INSTALL.vcxproj", "{60BBA122-C9F3-37B1-9994-D8CF90E90FE6}"
	ProjectSection(ProjectDependencies) = postProject
		{8A1493E8-F583-3D9E-B52E-306A52C896B9} = {8A1493E8-F583-3D9E-B52E-306A52C896B9}
		{CF0E034F-AE06-3774-B89B-350841E64400} = {CF0E034F-AE06-3774-B89B-350841E64400}
	EndProjectSection
EndProject
Project("{8BC9CEB8-8B4A-11D0-8D11-00A0C91BC942}") = "ZERO_CHECK", "..\..\\ZERO_CHECK.vcxproj", "{CF0E034F-AE06-3774-B89B-350841E64400}"
	ProjectSection(ProjectDependencies) = postProject
	EndProjectSection
EndProject
Project("{8BC9CEB8-8B4A-11D0-8D11-00A0C91BC942}") = "boing", "examples\boing.vcxproj", "{94C08410-CD58-398E-9E69-A10EEDC6D271}"
	ProjectSection(ProjectDependencies) = postProject
		{CF0E034F-AE06-3774-B89B-350841E64400} = {CF0E034F-AE06-3774-B89B-350841E64400}
		{3B4B1367-D176-331A-849B-BB7742A7D194} = {3B4B1367-D176-331A-849B-BB7742A7D194}
	EndProjectSection
EndProject
Project("{8BC9CEB8-8B4A-11D0-8D11-00A0C91BC942}") = "clipboard", "tests\clipboard.vcxproj", "{AAC9C4FD-06D3-3465-BD1F-AE10DCC64BB5}"
	ProjectSection(ProjectDependencies) = postProject
		{CF0E034F-AE06-3774-B89B-350841E64400} = {CF0E034F-AE06-3774-B89B-350841E64400}
		{3B4B1367-D176-331A-849B-BB7742A7D194} = {3B4B1367-D176-331A-849B-BB7742A7D194}
	EndProjectSection
EndProject
Project("{8BC9CEB8-8B4A-11D0-8D11-00A0C91BC942}") = "cursor", "tests\cursor.vcxproj", "{35474F26-F4CD-3700-A91D-253293B85237}"
	ProjectSection(ProjectDependencies) = postProject
		{CF0E034F-AE06-3774-B89B-350841E64400} = {CF0E034F-AE06-3774-B89B-350841E64400}
		{3B4B1367-D176-331A-849B-BB7742A7D194} = {3B4B1367-D176-331A-849B-BB7742A7D194}
	EndProjectSection
EndProject
Project("{8BC9CEB8-8B4A-11D0-8D11-00A0C91BC942}") = "empty", "tests\empty.vcxproj", "{C6AACBBA-865C-373F-A07F-A6091819DF44}"
	ProjectSection(ProjectDependencies) = postProject
		{CF0E034F-AE06-3774-B89B-350841E64400} = {CF0E034F-AE06-3774-B89B-350841E64400}
		{3B4B1367-D176-331A-849B-BB7742A7D194} = {3B4B1367-D176-331A-849B-BB7742A7D194}
	EndProjectSection
EndProject
Project("{8BC9CEB8-8B4A-11D0-8D11-00A0C91BC942}") = "events", "tests\events.vcxproj", "{413C78B0-877C-3C6B-9A94-4EF788ED6812}"
	ProjectSection(ProjectDependencies) = postProject
		{CF0E034F-AE06-3774-B89B-350841E64400} = {CF0E034F-AE06-3774-B89B-350841E64400}
		{3B4B1367-D176-331A-849B-BB7742A7D194} = {3B4B1367-D176-331A-849B-BB7742A7D194}
	EndProjectSection
EndProject
Project("{8BC9CEB8-8B4A-11D0-8D11-00A0C91BC942}") = "gamma", "tests\gamma.vcxproj", "{DDAFF17E-707A-3B2A-A861-EE8AB009B667}"
	ProjectSection(ProjectDependencies) = postProject
		{CF0E034F-AE06-3774-B89B-350841E64400} = {CF0E034F-AE06-3774-B89B-350841E64400}
		{3B4B1367-D176-331A-849B-BB7742A7D194} = {3B4B1367-D176-331A-849B-BB7742A7D194}
	EndProjectSection
EndProject
Project("{8BC9CEB8-8B4A-11D0-8D11-00A0C91BC942}") = "gears", "examples\gears.vcxproj", "{8DE5E9F8-7004-3CBE-B2DD-BA614DEAC6AC}"
	ProjectSection(ProjectDependencies) = postProject
		{CF0E034F-AE06-3774-B89B-350841E64400} = {CF0E034F-AE06-3774-B89B-350841E64400}
		{3B4B1367-D176-331A-849B-BB7742A7D194} = {3B4B1367-D176-331A-849B-BB7742A7D194}
	EndProjectSection
EndProject
Project("{8BC9CEB8-8B4A-11D0-8D11-00A0C91BC942}") = "glfw", "src\glfw.vcxproj", "{3B4B1367-D176-331A-849B-BB7742A7D194}"
	ProjectSection(ProjectDependencies) = postProject
		{CF0E034F-AE06-3774-B89B-350841E64400} = {CF0E034F-AE06-3774-B89B-350841E64400}
	EndProjectSection
EndProject
Project("{8BC9CEB8-8B4A-11D0-8D11-00A0C91BC942}") = "glfwinfo", "tests\glfwinfo.vcxproj", "{0A47A4E3-5BDB-391C-A2D8-B09DE698E6FB}"
	ProjectSection(ProjectDependencies) = postProject
		{CF0E034F-AE06-3774-B89B-350841E64400} = {CF0E034F-AE06-3774-B89B-350841E64400}
		{3B4B1367-D176-331A-849B-BB7742A7D194} = {3B4B1367-D176-331A-849B-BB7742A7D194}
	EndProjectSection
EndProject
Project("{8BC9CEB8-8B4A-11D0-8D11-00A0C91BC942}") = "heightmap", "examples\heightmap.vcxproj", "{E8793015-6FF3-3085-B263-65B804D0DEFB}"
	ProjectSection(ProjectDependencies) = postProject
		{CF0E034F-AE06-3774-B89B-350841E64400} = {CF0E034F-AE06-3774-B89B-350841E64400}
		{3B4B1367-D176-331A-849B-BB7742A7D194} = {3B4B1367-D176-331A-849B-BB7742A7D194}
	EndProjectSection
EndProject
Project("{8BC9CEB8-8B4A-11D0-8D11-00A0C91BC942}") = "iconify", "tests\iconify.vcxproj", "{A08F045D-9D1F-3E6A-8670-63ABC64B7764}"
	ProjectSection(ProjectDependencies) = postProject
		{CF0E034F-AE06-3774-B89B-350841E64400} = {CF0E034F-AE06-3774-B89B-350841E64400}
		{3B4B1367-D176-331A-849B-BB7742A7D194} = {3B4B1367-D176-331A-849B-BB7742A7D194}
	EndProjectSection
EndProject
Project("{8BC9CEB8-8B4A-11D0-8D11-00A0C91BC942}") = "joysticks", "tests\joysticks.vcxproj", "{09D7EB5B-CD51-3D4F-B7D4-ED033CC9297D}"
	ProjectSection(ProjectDependencies) = postProject
		{CF0E034F-AE06-3774-B89B-350841E64400} = {CF0E034F-AE06-3774-B89B-350841E64400}
		{3B4B1367-D176-331A-849B-BB7742A7D194} = {3B4B1367-D176-331A-849B-BB7742A7D194}
	EndProjectSection
EndProject
Project("{8BC9CEB8-8B4A-11D0-8D11-00A0C91BC942}") = "monitors", "tests\monitors.vcxproj", "{2A981DC5-9B75-3127-A696-D87F872F460E}"
	ProjectSection(ProjectDependencies) = postProject
		{CF0E034F-AE06-3774-B89B-350841E64400} = {CF0E034F-AE06-3774-B89B-350841E64400}
		{3B4B1367-D176-331A-849B-BB7742A7D194} = {3B4B1367-D176-331A-849B-BB7742A7D194}
	EndProjectSection
EndProject
Project("{8BC9CEB8-8B4A-11D0-8D11-00A0C91BC942}") = "msaa", "tests\msaa.vcxproj", "{11591A7B-93CB-37B7-AB84-D84CACA06C95}"
	ProjectSection(ProjectDependencies) = postProject
		{CF0E034F-AE06-3774-B89B-350841E64400} = {CF0E034F-AE06-3774-B89B-350841E64400}
		{3B4B1367-D176-331A-849B-BB7742A7D194} = {3B4B1367-D176-331A-849B-BB7742A7D194}
	EndProjectSection
EndProject
Project("{8BC9CEB8-8B4A-11D0-8D11-00A0C91BC942}") = "particles", "examples\particles.vcxproj", "{B6B0BAF0-D558-3E9A-8951-1D90DCDE8BA5}"
	ProjectSection(ProjectDependencies) = postProject
		{CF0E034F-AE06-3774-B89B-350841E64400} = {CF0E034F-AE06-3774-B89B-350841E64400}
		{3B4B1367-D176-331A-849B-BB7742A7D194} = {3B4B1367-D176-331A-849B-BB7742A7D194}
	EndProjectSection
EndProject
Project("{8BC9CEB8-8B4A-11D0-8D11-00A0C91BC942}") = "reopen", "tests\reopen.vcxproj", "{E7862609-2E65-30DE-9F04-97AC93062923}"
	ProjectSection(ProjectDependencies) = postProject
		{CF0E034F-AE06-3774-B89B-350841E64400} = {CF0E034F-AE06-3774-B89B-350841E64400}
		{3B4B1367-D176-331A-849B-BB7742A7D194} = {3B4B1367-D176-331A-849B-BB7742A7D194}
	EndProjectSection
EndProject
Project("{8BC9CEB8-8B4A-11D0-8D11-00A0C91BC942}") = "sharing", "tests\sharing.vcxproj", "{44341286-25F0-3D78-8C9F-15396C7B4975}"
	ProjectSection(ProjectDependencies) = postProject
		{CF0E034F-AE06-3774-B89B-350841E64400} = {CF0E034F-AE06-3774-B89B-350841E64400}
		{3B4B1367-D176-331A-849B-BB7742A7D194} = {3B4B1367-D176-331A-849B-BB7742A7D194}
	EndProjectSection
EndProject
Project("{8BC9CEB8-8B4A-11D0-8D11-00A0C91BC942}") = "simple", "examples\simple.vcxproj", "{A8F38039-2A39-3993-B322-02574E23519F}"
	ProjectSection(ProjectDependencies) = postProject
		{CF0E034F-AE06-3774-B89B-350841E64400} = {CF0E034F-AE06-3774-B89B-350841E64400}
		{3B4B1367-D176-331A-849B-BB7742A7D194} = {3B4B1367-D176-331A-849B-BB7742A7D194}
	EndProjectSection
EndProject
Project("{8BC9CEB8-8B4A-11D0-8D11-00A0C91BC942}") = "splitview", "examples\splitview.vcxproj", "{5FEEFF96-0CC8-3C2D-B534-3AF1A9398440}"
	ProjectSection(ProjectDependencies) = postProject
		{CF0E034F-AE06-3774-B89B-350841E64400} = {CF0E034F-AE06-3774-B89B-350841E64400}
		{3B4B1367-D176-331A-849B-BB7742A7D194} = {3B4B1367-D176-331A-849B-BB7742A7D194}
	EndProjectSection
EndProject
Project("{8BC9CEB8-8B4A-11D0-8D11-00A0C91BC942}") = "tearing", "tests\tearing.vcxproj", "{294A1A5B-0840-3F76-8354-125D6383D433}"
	ProjectSection(ProjectDependencies) = postProject
		{CF0E034F-AE06-3774-B89B-350841E64400} = {CF0E034F-AE06-3774-B89B-350841E64400}
		{3B4B1367-D176-331A-849B-BB7742A7D194} = {3B4B1367-D176-331A-849B-BB7742A7D194}
	EndProjectSection
EndProject
Project("{8BC9CEB8-8B4A-11D0-8D11-00A0C91BC942}") = "threads", "tests\threads.vcxproj", "{36462F3E-D95D-3B9B-88D7-4D42A63EF3E8}"
	ProjectSection(ProjectDependencies) = postProject
		{CF0E034F-AE06-3774-B89B-350841E64400} = {CF0E034F-AE06-3774-B89B-350841E64400}
		{3B4B1367-D176-331A-849B-BB7742A7D194} = {3B4B1367-D176-331A-849B-BB7742A7D194}
	EndProjectSection
EndProject
Project("{8BC9CEB8-8B4A-11D0-8D11-00A0C91BC942}") = "title", "tests\title.vcxproj", "{4A5A6868-72C6-3307-A70B-B35E2255B192}"
	ProjectSection(ProjectDependencies) = postProject
		{CF0E034F-AE06-3774-B89B-350841E64400} = {CF0E034F-AE06-3774-B89B-350841E64400}
		{3B4B1367-D176-331A-849B-BB7742A7D194} = {3B4B1367-D176-331A-849B-BB7742A7D194}
	EndProjectSection
EndProject
Project("{8BC9CEB8-8B4A-11D0-8D11-00A0C91BC942}") = "uninstall", "uninstall.vcxproj", "{EFF62F08-F514-374B-A5CF-9A550298D30E}"
	ProjectSection(ProjectDependencies) = postProject
		{CF0E034F-AE06-3774-B89B-350841E64400} = {CF0E034F-AE06-3774-B89B-350841E64400}
	EndProjectSection
EndProject
Project("{8BC9CEB8-8B4A-11D0-8D11-00A0C91BC942}") = "wave", "examples\wave.vcxproj", "{FFC49297-BD51-37C4-A5A1-371111585A9B}"
	ProjectSection(ProjectDependencies) = postProject
		{CF0E034F-AE06-3774-B89B-350841E64400} = {CF0E034F-AE06-3774-B89B-350841E64400}
		{3B4B1367-D176-331A-849B-BB7742A7D194} = {3B4B1367-D176-331A-849B-BB7742A7D194}
	EndProjectSection
EndProject
Project("{8BC9CEB8-8B4A-11D0-8D11-00A0C91BC942}") = "windows", "tests\windows.vcxproj", "{809170E8-BA55-3571-AD1C-F97DADC6B1B1}"
	ProjectSection(ProjectDependencies) = postProject
		{CF0E034F-AE06-3774-B89B-350841E64400} = {CF0E034F-AE06-3774-B89B-350841E64400}
		{3B4B1367-D176-331A-849B-BB7742A7D194} = {3B4B1367-D176-331A-849B-BB7742A7D194}
	EndProjectSection
EndProject
Global
	GlobalSection(SolutionConfigurationPlatforms) = preSolution
		Debug|Win32 = Debug|Win32
		Release|Win32 = Release|Win32
		MinSizeRel|Win32 = MinSizeRel|Win32
		RelWithDebInfo|Win32 = RelWithDebInfo|Win32
	EndGlobalSection
	GlobalSection(ProjectConfigurationPlatforms) = postSolution
		{8A1493E8-F583-3D9E-B52E-306A52C896B9}.Debug|Win32.ActiveCfg = Debug|Win32
		{8A1493E8-F583-3D9E-B52E-306A52C896B9}.Debug|Win32.Build.0 = Debug|Win32
		{8A1493E8-F583-3D9E-B52E-306A52C896B9}.Release|Win32.ActiveCfg = Release|Win32
		{8A1493E8-F583-3D9E-B52E-306A52C896B9}.Release|Win32.Build.0 = Release|Win32
		{8A1493E8-F583-3D9E-B52E-306A52C896B9}.MinSizeRel|Win32.ActiveCfg = MinSizeRel|Win32
		{8A1493E8-F583-3D9E-B52E-306A52C896B9}.MinSizeRel|Win32.Build.0 = MinSizeRel|Win32
		{8A1493E8-F583-3D9E-B52E-306A52C896B9}.RelWithDebInfo|Win32.ActiveCfg = RelWithDebInfo|Win32
		{8A1493E8-F583-3D9E-B52E-306A52C896B9}.RelWithDebInfo|Win32.Build.0 = RelWithDebInfo|Win32
		{60BBA122-C9F3-37B1-9994-D8CF90E90FE6}.Debug|Win32.ActiveCfg = Debug|Win32
		{60BBA122-C9F3-37B1-9994-D8CF90E90FE6}.Release|Win32.ActiveCfg = Release|Win32
		{60BBA122-C9F3-37B1-9994-D8CF90E90FE6}.MinSizeRel|Win32.ActiveCfg = MinSizeRel|Win32
		{60BBA122-C9F3-37B1-9994-D8CF90E90FE6}.RelWithDebInfo|Win32.ActiveCfg = RelWithDebInfo|Win32
		{CF0E034F-AE06-3774-B89B-350841E64400}.Debug|Win32.ActiveCfg = Debug|Win32
		{CF0E034F-AE06-3774-B89B-350841E64400}.Debug|Win32.Build.0 = Debug|Win32
		{CF0E034F-AE06-3774-B89B-350841E64400}.Release|Win32.ActiveCfg = Release|Win32
		{CF0E034F-AE06-3774-B89B-350841E64400}.Release|Win32.Build.0 = Release|Win32
		{CF0E034F-AE06-3774-B89B-350841E64400}.MinSizeRel|Win32.ActiveCfg = MinSizeRel|Win32
		{CF0E034F-AE06-3774-B89B-350841E64400}.MinSizeRel|Win32.Build.0 = MinSizeRel|Win32
		{CF0E034F-AE06-3774-B89B-350841E64400}.RelWithDebInfo|Win32.ActiveCfg = RelWithDebInfo|Win32
		{CF0E034F-AE06-3774-B89B-350841E64400}.RelWithDebInfo|Win32.Build.0 = RelWithDebInfo|Win32
		{94C08410-CD58-398E-9E69-A10EEDC6D271}.Debug|Win32.ActiveCfg = Debug|Win32
		{94C08410-CD58-398E-9E69-A10EEDC6D271}.Debug|Win32.Build.0 = Debug|Win32
		{94C08410-CD58-398E-9E69-A10EEDC6D271}.Release|Win32.ActiveCfg = Release|Win32
		{94C08410-CD58-398E-9E69-A10EEDC6D271}.Release|Win32.Build.0 = Release|Win32
		{94C08410-CD58-398E-9E69-A10EEDC6D271}.MinSizeRel|Win32.ActiveCfg = MinSizeRel|Win32
		{94C08410-CD58-398E-9E69-A10EEDC6D271}.MinSizeRel|Win32.Build.0 = MinSizeRel|Win32
		{94C08410-CD58-398E-9E69-A10EEDC6D271}.RelWithDebInfo|Win32.ActiveCfg = RelWithDebInfo|Win32
		{94C08410-CD58-398E-9E69-A10EEDC6D271}.RelWithDebInfo|Win32.Build.0 = RelWithDebInfo|Win32
		{AAC9C4FD-06D3-3465-BD1F-AE10DCC64BB5}.Debug|Win32.ActiveCfg = Debug|Win32
		{AAC9C4FD-06D3-3465-BD1F-AE10DCC64BB5}.Debug|Win32.Build.0 = Debug|Win32
		{AAC9C4FD-06D3-3465-BD1F-AE10DCC64BB5}.Release|Win32.ActiveCfg = Release|Win32
		{AAC9C4FD-06D3-3465-BD1F-AE10DCC64BB5}.Release|Win32.Build.0 = Release|Win32
		{AAC9C4FD-06D3-3465-BD1F-AE10DCC64BB5}.MinSizeRel|Win32.ActiveCfg = MinSizeRel|Win32
		{AAC9C4FD-06D3-3465-BD1F-AE10DCC64BB5}.MinSizeRel|Win32.Build.0 = MinSizeRel|Win32
		{AAC9C4FD-06D3-3465-BD1F-AE10DCC64BB5}.RelWithDebInfo|Win32.ActiveCfg = RelWithDebInfo|Win32
		{AAC9C4FD-06D3-3465-BD1F-AE10DCC64BB5}.RelWithDebInfo|Win32.Build.0 = RelWithDebInfo|Win32
		{35474F26-F4CD-3700-A91D-253293B85237}.Debug|Win32.ActiveCfg = Debug|Win32
		{35474F26-F4CD-3700-A91D-253293B85237}.Debug|Win32.Build.0 = Debug|Win32
		{35474F26-F4CD-3700-A91D-253293B85237}.Release|Win32.ActiveCfg = Release|Win32
		{35474F26-F4CD-3700-A91D-253293B85237}.Release|Win32.Build.0 = Release|Win32
		{35474F26-F4CD-3700-A91D-253293B85237}.MinSizeRel|Win32.ActiveCfg = MinSizeRel|Win32
		{35474F26-F4CD-3700-A91D-253293B85237}.MinSizeRel|Win32.Build.0 = MinSizeRel|Win32
		{35474F26-F4CD-3700-A91D-253293B85237}.RelWithDebInfo|Win32.ActiveCfg = RelWithDebInfo|Win32
		{35474F26-F4CD-3700-A91D-253293B85237}.RelWithDebInfo|Win32.Build.0 = RelWithDebInfo|Win32
		{C6AACBBA-865C-373F-A07F-A6091819DF44}.Debug|Win32.ActiveCfg = Debug|Win32
		{C6AACBBA-865C-373F-A07F-A6091819DF44}.Debug|Win32.Build.0 = Debug|Win32
		{C6AACBBA-865C-373F-A07F-A6091819DF44}.Release|Win32.ActiveCfg = Release|Win32
		{C6AACBBA-865C-373F-A07F-A6091819DF44}.Release|Win32.Build.0 = Release|Win32
		{C6AACBBA-865C-373F-A07F-A6091819DF44}.MinSizeRel|Win32.ActiveCfg = MinSizeRel|Win32
		{C6AACBBA-865C-373F-A07F-A6091819DF44}.MinSizeRel|Win32.Build.0 = MinSizeRel|Win32
		{C6AACBBA-865C-373F-A07F-A6091819DF44}.RelWithDebInfo|Win32.ActiveCfg = RelWithDebInfo|Win32
		{C6AACBBA-865C-373F-A07F-A6091819DF44}.RelWithDebInfo|Win32.Build.0 = RelWithDebInfo|Win32
		{413C78B0-877C-3C6B-9A94-4EF788ED6812}.Debug|Win32.ActiveCfg = Debug|Win32
		{413C78B0-877C-3C6B-9A94-4EF788ED6812}.Debug|Win32.Build.0 = Debug|Win32
		{413C78B0-877C-3C6B-9A94-4EF788ED6812}.Release|Win32.ActiveCfg = Release|Win32
		{413C78B0-877C-3C6B-9A94-4EF788ED6812}.Release|Win32.Build.0 = Release|Win32
		{413C78B0-877C-3C6B-9A94-4EF788ED6812}.MinSizeRel|Win32.ActiveCfg = MinSizeRel|Win32
		{413C78B0-877C-3C6B-9A94-4EF788ED6812}.MinSizeRel|Win32.Build.0 = MinSizeRel|Win32
		{413C78B0-877C-3C6B-9A94-4EF788ED6812}.RelWithDebInfo|Win32.ActiveCfg = RelWithDebInfo|Win32
		{413C78B0-877C-3C6B-9A94-4EF788ED6812}.RelWithDebInfo|Win32.Build.0 = RelWithDebInfo|Win32
		{DDAFF17E-707A-3B2A-A861-EE8AB009B667}.Debug|Win32.ActiveCfg = Debug|Win32
		{DDAFF17E-707A-3B2A-A861-EE8AB009B667}.Debug|Win32.Build.0 = Debug|Win32
		{DDAFF17E-707A-3B2A-A861-EE8AB009B667}.Release|Win32.ActiveCfg = Release|Win32
		{DDAFF17E-707A-3B2A-A861-EE8AB009B667}.Release|Win32.Build.0 = Release|Win32
		{DDAFF17E-707A-3B2A-A861-EE8AB009B667}.MinSizeRel|Win32.ActiveCfg = MinSizeRel|Win32
		{DDAFF17E-707A-3B2A-A861-EE8AB009B667}.MinSizeRel|Win32.Build.0 = MinSizeRel|Win32
		{DDAFF17E-707A-3B2A-A861-EE8AB009B667}.RelWithDebInfo|Win32.ActiveCfg = RelWithDebInfo|Win32
		{DDAFF17E-707A-3B2A-A861-EE8AB009B667}.RelWithDebInfo|Win32.Build.0 = RelWithDebInfo|Win32
		{8DE5E9F8-7004-3CBE-B2DD-BA614DEAC6AC}.Debug|Win32.ActiveCfg = Debug|Win32
		{8DE5E9F8-7004-3CBE-B2DD-BA614DEAC6AC}.Debug|Win32.Build.0 = Debug|Win32
		{8DE5E9F8-7004-3CBE-B2DD-BA614DEAC6AC}.Release|Win32.ActiveCfg = Release|Win32
		{8DE5E9F8-7004-3CBE-B2DD-BA614DEAC6AC}.Release|Win32.Build.0 = Release|Win32
		{8DE5E9F8-7004-3CBE-B2DD-BA614DEAC6AC}.MinSizeRel|Win32.ActiveCfg = MinSizeRel|Win32
		{8DE5E9F8-7004-3CBE-B2DD-BA614DEAC6AC}.MinSizeRel|Win32.Build.0 = MinSizeRel|Win32
		{8DE5E9F8-7004-3CBE-B2DD-BA614DEAC6AC}.RelWithDebInfo|Win32.ActiveCfg = RelWithDebInfo|Win32
		{8DE5E9F8-7004-3CBE-B2DD-BA614DEAC6AC}.RelWithDebInfo|Win32.Build.0 = RelWithDebInfo|Win32
		{3B4B1367-D176-331A-849B-BB7742A7D194}.Debug|Win32.ActiveCfg = Debug|Win32
		{3B4B1367-D176-331A-849B-BB7742A7D194}.Debug|Win32.Build.0 = Debug|Win32
		{3B4B1367-D176-331A-849B-BB7742A7D194}.Release|Win32.ActiveCfg = Release|Win32
		{3B4B1367-D176-331A-849B-BB7742A7D194}.Release|Win32.Build.0 = Release|Win32
		{3B4B1367-D176-331A-849B-BB7742A7D194}.MinSizeRel|Win32.ActiveCfg = MinSizeRel|Win32
		{3B4B1367-D176-331A-849B-BB7742A7D194}.MinSizeRel|Win32.Build.0 = MinSizeRel|Win32
		{3B4B1367-D176-331A-849B-BB7742A7D194}.RelWithDebInfo|Win32.ActiveCfg = RelWithDebInfo|Win32
		{3B4B1367-D176-331A-849B-BB7742A7D194}.RelWithDebInfo|Win32.Build.0 = RelWithDebInfo|Win32
		{0A47A4E3-5BDB-391C-A2D8-B09DE698E6FB}.Debug|Win32.ActiveCfg = Debug|Win32
		{0A47A4E3-5BDB-391C-A2D8-B09DE698E6FB}.Debug|Win32.Build.0 = Debug|Win32
		{0A47A4E3-5BDB-391C-A2D8-B09DE698E6FB}.Release|Win32.ActiveCfg = Release|Win32
		{0A47A4E3-5BDB-391C-A2D8-B09DE698E6FB}.Release|Win32.Build.0 = Release|Win32
		{0A47A4E3-5BDB-391C-A2D8-B09DE698E6FB}.MinSizeRel|Win32.ActiveCfg = MinSizeRel|Win32
		{0A47A4E3-5BDB-391C-A2D8-B09DE698E6FB}.MinSizeRel|Win32.Build.0 = MinSizeRel|Win32
		{0A47A4E3-5BDB-391C-A2D8-B09DE698E6FB}.RelWithDebInfo|Win32.ActiveCfg = RelWithDebInfo|Win32
		{0A47A4E3-5BDB-391C-A2D8-B09DE698E6FB}.RelWithDebInfo|Win32.Build.0 = RelWithDebInfo|Win32
		{E8793015-6FF3-3085-B263-65B804D0DEFB}.Debug|Win32.ActiveCfg = Debug|Win32
		{E8793015-6FF3-3085-B263-65B804D0DEFB}.Debug|Win32.Build.0 = Debug|Win32
		{E8793015-6FF3-3085-B263-65B804D0DEFB}.Release|Win32.ActiveCfg = Release|Win32
		{E8793015-6FF3-3085-B263-65B804D0DEFB}.Release|Win32.Build.0 = Release|Win32
		{E8793015-6FF3-3085-B263-65B804D0DEFB}.MinSizeRel|Win32.ActiveCfg = MinSizeRel|Win32
		{E8793015-6FF3-3085-B263-65B804D0DEFB}.MinSizeRel|Win32.Build.0 = MinSizeRel|Win32
		{E8793015-6FF3-3085-B263-65B804D0DEFB}.RelWithDebInfo|Win32.ActiveCfg = RelWithDebInfo|Win32
		{E8793015-6FF3-3085-B263-65B804D0DEFB}.RelWithDebInfo|Win32.Build.0 = RelWithDebInfo|Win32
		{A08F045D-9D1F-3E6A-8670-63ABC64B7764}.Debug|Win32.ActiveCfg = Debug|Win32
		{A08F045D-9D1F-3E6A-8670-63ABC64B7764}.Debug|Win32.Build.0 = Debug|Win32
		{A08F045D-9D1F-3E6A-8670-63ABC64B7764}.Release|Win32.ActiveCfg = Release|Win32
		{A08F045D-9D1F-3E6A-8670-63ABC64B7764}.Release|Win32.Build.0 = Release|Win32
		{A08F045D-9D1F-3E6A-8670-63ABC64B7764}.MinSizeRel|Win32.ActiveCfg = MinSizeRel|Win32
		{A08F045D-9D1F-3E6A-8670-63ABC64B7764}.MinSizeRel|Win32.Build.0 = MinSizeRel|Win32
		{A08F045D-9D1F-3E6A-8670-63ABC64B7764}.RelWithDebInfo|Win32.ActiveCfg = RelWithDebInfo|Win32
		{A08F045D-9D1F-3E6A-8670-63ABC64B7764}.RelWithDebInfo|Win32.Build.0 = RelWithDebInfo|Win32
		{09D7EB5B-CD51-3D4F-B7D4-ED033CC9297D}.Debug|Win32.ActiveCfg = Debug|Win32
		{09D7EB5B-CD51-3D4F-B7D4-ED033CC9297D}.Debug|Win32.Build.0 = Debug|Win32
		{09D7EB5B-CD51-3D4F-B7D4-ED033CC9297D}.Release|Win32.ActiveCfg = Release|Win32
		{09D7EB5B-CD51-3D4F-B7D4-ED033CC9297D}.Release|Win32.Build.0 = Release|Win32
		{09D7EB5B-CD51-3D4F-B7D4-ED033CC9297D}.MinSizeRel|Win32.ActiveCfg = MinSizeRel|Win32
		{09D7EB5B-CD51-3D4F-B7D4-ED033CC9297D}.MinSizeRel|Win32.Build.0 = MinSizeRel|Win32
		{09D7EB5B-CD51-3D4F-B7D4-ED033CC9297D}.RelWithDebInfo|Win32.ActiveCfg = RelWithDebInfo|Win32
		{09D7EB5B-CD51-3D4F-B7D4-ED033CC9297D}.RelWithDebInfo|Win32.Build.0 = RelWithDebInfo|Win32
		{2A981DC5-9B75-3127-A696-D87F872F460E}.Debug|Win32.ActiveCfg = Debug|Win32
		{2A981DC5-9B75-3127-A696-D87F872F460E}.Debug|Win32.Build.0 = Debug|Win32
		{2A981DC5-9B75-3127-A696-D87F872F460E}.Release|Win32.ActiveCfg = Release|Win32
		{2A981DC5-9B75-3127-A696-D87F872F460E}.Release|Win32.Build.0 = Release|Win32
		{2A981DC5-9B75-3127-A696-D87F872F460E}.MinSizeRel|Win32.ActiveCfg = MinSizeRel|Win32
		{2A981DC5-9B75-3127-A696-D87F872F460E}.MinSizeRel|Win32.Build.0 = MinSizeRel|Win32
		{2A981DC5-9B75-3127-A696-D87F872F460E}.RelWithDebInfo|Win32.ActiveCfg = RelWithDebInfo|Win32
		{2A981DC5-9B75-3127-A696-D87F872F460E}.RelWithDebInfo|Win32.Build.0 = RelWithDebInfo|Win32
		{11591A7B-93CB-37B7-AB84-D84CACA06C95}.Debug|Win32.ActiveCfg = Debug|Win32
		{11591A7B-93CB-37B7-AB84-D84CACA06C95}.Debug|Win32.Build.0 = Debug|Win32
		{11591A7B-93CB-37B7-AB84-D84CACA06C95}.Release|Win32.ActiveCfg = Release|Win32
		{11591A7B-93CB-37B7-AB84-D84CACA06C95}.Release|Win32.Build.0 = Release|Win32
		{11591A7B-93CB-37B7-AB84-D84CACA06C95}.MinSizeRel|Win32.ActiveCfg = MinSizeRel|Win32
		{11591A7B-93CB-37B7-AB84-D84CACA06C95}.MinSizeRel|Win32.Build.0 = MinSizeRel|Win32
		{11591A7B-93CB-37B7-AB84-D84CACA06C95}.RelWithDebInfo|Win32.ActiveCfg = RelWithDebInfo|Win32
		{11591A7B-93CB-37B7-AB84-D84CACA06C95}.RelWithDebInfo|Win32.Build.0 = RelWithDebInfo|Win32
		{B6B0BAF0-D558-3E9A-8951-1D90DCDE8BA5}.Debug|Win32.ActiveCfg = Debug|Win32
		{B6B0BAF0-D558-3E9A-8951-1D90DCDE8BA5}.Debug|Win32.Build.0 = Debug|Win32
		{B6B0BAF0-D558-3E9A-8951-1D90DCDE8BA5}.Release|Win32.ActiveCfg = Release|Win32
		{B6B0BAF0-D558-3E9A-8951-1D90DCDE8BA5}.Release|Win32.Build.0 = Release|Win32
		{B6B0BAF0-D558-3E9A-8951-1D90DCDE8BA5}.MinSizeRel|Win32.ActiveCfg = MinSizeRel|Win32
		{B6B0BAF0-D558-3E9A-8951-1D90DCDE8BA5}.MinSizeRel|Win32.Build.0 = MinSizeRel|Win32
		{B6B0BAF0-D558-3E9A-8951-1D90DCDE8BA5}.RelWithDebInfo|Win32.ActiveCfg = RelWithDebInfo|Win32
		{B6B0BAF0-D558-3E9A-8951-1D90DCDE8BA5}.RelWithDebInfo|Win32.Build.0 = RelWithDebInfo|Win32
		{E7862609-2E65-30DE-9F04-97AC93062923}.Debug|Win32.ActiveCfg = Debug|Win32
		{E7862609-2E65-30DE-9F04-97AC93062923}.Debug|Win32.Build.0 = Debug|Win32
		{E7862609-2E65-30DE-9F04-97AC93062923}.Release|Win32.ActiveCfg = Release|Win32
		{E7862609-2E65-30DE-9F04-97AC93062923}.Release|Win32.Build.0 = Release|Win32
		{E7862609-2E65-30DE-9F04-97AC93062923}.MinSizeRel|Win32.ActiveCfg = MinSizeRel|Win32
		{E7862609-2E65-30DE-9F04-97AC93062923}.MinSizeRel|Win32.Build.0 = MinSizeRel|Win32
		{E7862609-2E65-30DE-9F04-97AC93062923}.RelWithDebInfo|Win32.ActiveCfg = RelWithDebInfo|Win32
		{E7862609-2E65-30DE-9F04-97AC93062923}.RelWithDebInfo|Win32.Build.0 = RelWithDebInfo|Win32
		{44341286-25F0-3D78-8C9F-15396C7B4975}.Debug|Win32.ActiveCfg = Debug|Win32
		{44341286-25F0-3D78-8C9F-15396C7B4975}.Debug|Win32.Build.0 = Debug|Win32
		{44341286-25F0-3D78-8C9F-15396C7B4975}.Release|Win32.ActiveCfg = Release|Win32
		{44341286-25F0-3D78-8C9F-15396C7B4975}.Release|Win32.Build.0 = Release|Win32
		{44341286-25F0-3D78-8C9F-15396C7B4975}.MinSizeRel|Win32.ActiveCfg = MinSizeRel|Win32
		{44341286-25F0-3D78-8C9F-15396C7B4975}.MinSizeRel|Win32.Build.0 = MinSizeRel|Win32
		{44341286-25F0-3D78-8C9F-15396C7B4975}.RelWithDebInfo|Win32.ActiveCfg = RelWithDebInfo|Win32
		{44341286-25F0-3D78-8C9F-15396C7B4975}.RelWithDebInfo|Win32.Build.0 = RelWithDebInfo|Win32
		{A8F38039-2A39-3993-B322-02574E23519F}.Debug|Win32.ActiveCfg = Debug|Win32
		{A8F38039-2A39-3993-B322-02574E23519F}.Debug|Win32.Build.0 = Debug|Win32
		{A8F38039-2A39-3993-B322-02574E23519F}.Release|Win32.ActiveCfg = Release|Win32
		{A8F38039-2A39-3993-B322-02574E23519F}.Release|Win32.Build.0 = Release|Win32
		{A8F38039-2A39-3993-B322-02574E23519F}.MinSizeRel|Win32.ActiveCfg = MinSizeRel|Win32
		{A8F38039-2A39-3993-B322-02574E23519F}.MinSizeRel|Win32.Build.0 = MinSizeRel|Win32
		{A8F38039-2A39-3993-B322-02574E23519F}.RelWithDebInfo|Win32.ActiveCfg = RelWithDebInfo|Win32
		{A8F38039-2A39-3993-B322-02574E23519F}.RelWithDebInfo|Win32.Build.0 = RelWithDebInfo|Win32
		{5FEEFF96-0CC8-3C2D-B534-3AF1A9398440}.Debug|Win32.ActiveCfg = Debug|Win32
		{5FEEFF96-0CC8-3C2D-B534-3AF1A9398440}.Debug|Win32.Build.0 = Debug|Win32
		{5FEEFF96-0CC8-3C2D-B534-3AF1A9398440}.Release|Win32.ActiveCfg = Release|Win32
		{5FEEFF96-0CC8-3C2D-B534-3AF1A9398440}.Release|Win32.Build.0 = Release|Win32
		{5FEEFF96-0CC8-3C2D-B534-3AF1A9398440}.MinSizeRel|Win32.ActiveCfg = MinSizeRel|Win32
		{5FEEFF96-0CC8-3C2D-B534-3AF1A9398440}.MinSizeRel|Win32.Build.0 = MinSizeRel|Win32
		{5FEEFF96-0CC8-3C2D-B534-3AF1A9398440}.RelWithDebInfo|Win32.ActiveCfg = RelWithDebInfo|Win32
		{5FEEFF96-0CC8-3C2D-B534-3AF1A9398440}.RelWithDebInfo|Win32.Build.0 = RelWithDebInfo|Win32
		{294A1A5B-0840-3F76-8354-125D6383D433}.Debug|Win32.ActiveCfg = Debug|Win32
		{294A1A5B-0840-3F76-8354-125D6383D433}.Debug|Win32.Build.0 = Debug|Win32
		{294A1A5B-0840-3F76-8354-125D6383D433}.Release|Win32.ActiveCfg = Release|Win32
		{294A1A5B-0840-3F76-8354-125D6383D433}.Release|Win32.Build.0 = Release|Win32
		{294A1A5B-0840-3F76-8354-125D6383D433}.MinSizeRel|Win32.ActiveCfg = MinSizeRel|Win32
		{294A1A5B-0840-3F76-8354-125D6383D433}.MinSizeRel|Win32.Build.0 = MinSizeRel|Win32
		{294A1A5B-0840-3F76-8354-125D6383D433}.RelWithDebInfo|Win32.ActiveCfg = RelWithDebInfo|Win32
		{294A1A5B-0840-3F76-8354-125D6383D433}.RelWithDebInfo|Win32.Build.0 = RelWithDebInfo|Win32
		{36462F3E-D95D-3B9B-88D7-4D42A63EF3E8}.Debug|Win32.ActiveCfg = Debug|Win32
		{36462F3E-D95D-3B9B-88D7-4D42A63EF3E8}.Debug|Win32.Build.0 = Debug|Win32
		{36462F3E-D95D-3B9B-88D7-4D42A63EF3E8}.Release|Win32.ActiveCfg = Release|Win32
		{36462F3E-D95D-3B9B-88D7-4D42A63EF3E8}.Release|Win32.Build.0 = Release|Win32
		{36462F3E-D95D-3B9B-88D7-4D42A63EF3E8}.MinSizeRel|Win32.ActiveCfg = MinSizeRel|Win32
		{36462F3E-D95D-3B9B-88D7-4D42A63EF3E8}.MinSizeRel|Win32.Build.0 = MinSizeRel|Win32
		{36462F3E-D95D-3B9B-88D7-4D42A63EF3E8}.RelWithDebInfo|Win32.ActiveCfg = RelWithDebInfo|Win32
		{36462F3E-D95D-3B9B-88D7-4D42A63EF3E8}.RelWithDebInfo|Win32.Build.0 = RelWithDebInfo|Win32
		{4A5A6868-72C6-3307-A70B-B35E2255B192}.Debug|Win32.ActiveCfg = Debug|Win32
		{4A5A6868-72C6-3307-A70B-B35E2255B192}.Debug|Win32.Build.0 = Debug|Win32
		{4A5A6868-72C6-3307-A70B-B35E2255B192}.Release|Win32.ActiveCfg = Release|Win32
		{4A5A6868-72C6-3307-A70B-B35E2255B192}.Release|Win32.Build.0 = Release|Win32
		{4A5A6868-72C6-3307-A70B-B35E2255B192}.MinSizeRel|Win32.ActiveCfg = MinSizeRel|Win32
		{4A5A6868-72C6-3307-A70B-B35E2255B192}.MinSizeRel|Win32.Build.0 = MinSizeRel|Win32
		{4A5A6868-72C6-3307-A70B-B35E2255B192}.RelWithDebInfo|Win32.ActiveCfg = RelWithDebInfo|Win32
		{4A5A6868-72C6-3307-A70B-B35E2255B192}.RelWithDebInfo|Win32.Build.0 = RelWithDebInfo|Win32
		{EFF62F08-F514-374B-A5CF-9A550298D30E}.Debug|Win32.ActiveCfg = Debug|Win32
		{EFF62F08-F514-374B-A5CF-9A550298D30E}.Release|Win32.ActiveCfg = Release|Win32
		{EFF62F08-F514-374B-A5CF-9A550298D30E}.MinSizeRel|Win32.ActiveCfg = MinSizeRel|Win32
		{EFF62F08-F514-374B-A5CF-9A550298D30E}.RelWithDebInfo|Win32.ActiveCfg = RelWithDebInfo|Win32
		{FFC49297-BD51-37C4-A5A1-371111585A9B}.Debug|Win32.ActiveCfg = Debug|Win32
		{FFC49297-BD51-37C4-A5A1-371111585A9B}.Debug|Win32.Build.0 = Debug|Win32
		{FFC49297-BD51-37C4-A5A1-371111585A9B}.Release|Win32.ActiveCfg = Release|Win32
		{FFC49297-BD51-37C4-A5A1-371111585A9B}.Release|Win32.Build.0 = Release|Win32
		{FFC49297-BD51-37C4-A5A1-371111585A9B}.MinSizeRel|Win32.ActiveCfg = MinSizeRel|Win32
		{FFC49297-BD51-37C4-A5A1-371111585A9B}.MinSizeRel|Win32.Build.0 = MinSizeRel|Win32
		{FFC49297-BD51-37C4-A5A1-371111585A9B}.RelWithDebInfo|Win32.ActiveCfg = RelWithDebInfo|Win32
		{FFC49297-BD51-37C4-A5A1-371111585A9B}.RelWithDebInfo|Win32.Build.0 = RelWithDebInfo|Win32
		{809170E8-BA55-3571-AD1C-F97DADC6B1B1}.Debug|Win32.ActiveCfg = Debug|Win32
		{809170E8-BA55-3571-AD1C-F97DADC6B1B1}.Debug|Win32.Build.0 = Debug|Win32
		{809170E8-BA55-3571-AD1C-F97DADC6B1B1}.Release|Win32.ActiveCfg = Release|Win32
		{809170E8-BA55-3571-AD1C-F97DADC6B1B1}.Release|Win32.Build.0 = Release|Win32
		{809170E8-BA55-3571-AD1C-F97DADC6B1B1}.MinSizeRel|Win32.ActiveCfg = MinSizeRel|Win32
		{809170E8-BA55-3571-AD1C-F97DADC6B1B1}.MinSizeRel|Win32.Build.0 = MinSizeRel|Win32
		{809170E8-BA55-3571-AD1C-F97DADC6B1B1}.RelWithDebInfo|Win32.ActiveCfg = RelWithDebInfo|Win32
		{809170E8-BA55-3571-AD1C-F97DADC6B1B1}.RelWithDebInfo|Win32.Build.0 = RelWithDebInfo|Win32
	EndGlobalSection
	GlobalSection(NestedProjects) = preSolution
		{8A1493E8-F583-3D9E-B52E-306A52C896B9} = {B6A2FDCD-D82B-3D93-B8FF-D605BB2355AB}
		{60BBA122-C9F3-37B1-9994-D8CF90E90FE6} = {B6A2FDCD-D82B-3D93-B8FF-D605BB2355AB}
		{CF0E034F-AE06-3774-B89B-350841E64400} = {B6A2FDCD-D82B-3D93-B8FF-D605BB2355AB}
		{86A32427-52EE-3DAB-930B-0A7DA8ADEE3E} = {D9EE03A3-6067-3E1C-A5D3-BB45614E178C}
		{B5B7B1C4-B0CB-328A-A366-6608995CF290} = {D9EE03A3-6067-3E1C-A5D3-BB45614E178C}
		{3B4B1367-D176-331A-849B-BB7742A7D194} = {D9EE03A3-6067-3E1C-A5D3-BB45614E178C}
		{94C08410-CD58-398E-9E69-A10EEDC6D271} = {86A32427-52EE-3DAB-930B-0A7DA8ADEE3E}
		{8DE5E9F8-7004-3CBE-B2DD-BA614DEAC6AC} = {86A32427-52EE-3DAB-930B-0A7DA8ADEE3E}
		{E8793015-6FF3-3085-B263-65B804D0DEFB} = {86A32427-52EE-3DAB-930B-0A7DA8ADEE3E}
		{B6B0BAF0-D558-3E9A-8951-1D90DCDE8BA5} = {86A32427-52EE-3DAB-930B-0A7DA8ADEE3E}
		{A8F38039-2A39-3993-B322-02574E23519F} = {86A32427-52EE-3DAB-930B-0A7DA8ADEE3E}
		{5FEEFF96-0CC8-3C2D-B534-3AF1A9398440} = {86A32427-52EE-3DAB-930B-0A7DA8ADEE3E}
		{FFC49297-BD51-37C4-A5A1-371111585A9B} = {86A32427-52EE-3DAB-930B-0A7DA8ADEE3E}
		{AAC9C4FD-06D3-3465-BD1F-AE10DCC64BB5} = {B5B7B1C4-B0CB-328A-A366-6608995CF290}
		{35474F26-F4CD-3700-A91D-253293B85237} = {B5B7B1C4-B0CB-328A-A366-6608995CF290}
		{C6AACBBA-865C-373F-A07F-A6091819DF44} = {B5B7B1C4-B0CB-328A-A366-6608995CF290}
		{413C78B0-877C-3C6B-9A94-4EF788ED6812} = {B5B7B1C4-B0CB-328A-A366-6608995CF290}
		{DDAFF17E-707A-3B2A-A861-EE8AB009B667} = {B5B7B1C4-B0CB-328A-A366-6608995CF290}
		{0A47A4E3-5BDB-391C-A2D8-B09DE698E6FB} = {B5B7B1C4-B0CB-328A-A366-6608995CF290}
		{A08F045D-9D1F-3E6A-8670-63ABC64B7764} = {B5B7B1C4-B0CB-328A-A366-6608995CF290}
		{09D7EB5B-CD51-3D4F-B7D4-ED033CC9297D} = {B5B7B1C4-B0CB-328A-A366-6608995CF290}
		{2A981DC5-9B75-3127-A696-D87F872F460E} = {B5B7B1C4-B0CB-328A-A366-6608995CF290}
		{11591A7B-93CB-37B7-AB84-D84CACA06C95} = {B5B7B1C4-B0CB-328A-A366-6608995CF290}
		{E7862609-2E65-30DE-9F04-97AC93062923} = {B5B7B1C4-B0CB-328A-A366-6608995CF290}
		{44341286-25F0-3D78-8C9F-15396C7B4975} = {B5B7B1C4-B0CB-328A-A366-6608995CF290}
		{294A1A5B-0840-3F76-8354-125D6383D433} = {B5B7B1C4-B0CB-328A-A366-6608995CF290}
		{36462F3E-D95D-3B9B-88D7-4D42A63EF3E8} = {B5B7B1C4-B0CB-328A-A366-6608995CF290}
		{4A5A6868-72C6-3307-A70B-B35E2255B192} = {B5B7B1C4-B0CB-328A-A366-6608995CF290}
		{809170E8-BA55-3571-AD1C-F97DADC6B1B1} = {B5B7B1C4-B0CB-328A-A366-6608995CF290}
	EndGlobalSection
	GlobalSection(ExtensibilityGlobals) = postSolution
		SolutionGuid = {F5F67E97-F84F-3566-A1B4-308ADD39AB67}
	EndGlobalSection
	GlobalSection(ExtensibilityAddIns) = postSolution
	EndGlobalSection
EndGlobal
